// !$*UTF8*$!
{
	archiveVersion = 1;
	classes = {
	};
	objectVersion = 46;
	objects = {

/* Begin PBXAggregateTarget section */
		28F76F9BB6C0431F9584BB1D /* ZERO_CHECK */ = {
			isa = PBXAggregateTarget;
			buildConfigurationList = CC12585F67244137A7DF194A /* Build configuration list for PBXAggregateTarget "ZERO_CHECK" */;
			buildPhases = (
				B55411B9F09940C9AEBD03EE /* CMake Rules */,
			);
			dependencies = (
			);
			name = ZERO_CHECK;
			productName = ZERO_CHECK;
		};
		8261990D72CE4F18BFDDA113 /* ALL_BUILD */ = {
			isa = PBXAggregateTarget;
			buildConfigurationList = 21DA6C5581044A8C923A30CF /* Build configuration list for PBXAggregateTarget "ALL_BUILD" */;
			buildPhases = (
				23B1AE679E894675867A53D8 /* CMake Rules */,
			);
			dependencies = (
				0E49646F5FCC4EEA93DB3A37 /* PBXTargetDependency */,
				7415B30D9E504D019E64EF4D /* PBXTargetDependency */,
			);
			name = ALL_BUILD;
			productName = ALL_BUILD;
		};
/* End PBXAggregateTarget section */

/* Begin PBXBuildFile section */
		015F5C2F82C4447BA5C95FED /* /Users/shenyi/Project/UnityProject/xlua-lib/lua-5.3.4/src/linit.c */ = {isa = PBXBuildFile; fileRef = E513FAE0E9E1406C9B6EB27A /* /Users/shenyi/Project/UnityProject/xlua-lib/lua-5.3.4/src/linit.c */; };
		07A2C82A01374A2DADAB53DA /* /Users/shenyi/Project/UnityProject/xlua-lib/lua-5.3.4/src/lctype.c */ = {isa = PBXBuildFile; fileRef = 732C6A82404D4CFEB51BD46F /* /Users/shenyi/Project/UnityProject/xlua-lib/lua-5.3.4/src/lctype.c */; };
		22C3EFED77544CB092B57452 /* /Users/shenyi/Project/UnityProject/xlua-lib/lua-5.3.4/src/lmathlib.c */ = {isa = PBXBuildFile; fileRef = 2816287F9CD84D35B45B3A2A /* /Users/shenyi/Project/UnityProject/xlua-lib/lua-5.3.4/src/lmathlib.c */; };
		237A07110B9D4EFC933C892E /* /Users/shenyi/Project/UnityProject/xlua-lib/sproto/lsproto.c */ = {isa = PBXBuildFile; fileRef = 51818E9D8AE54FB39D941E8D /* /Users/shenyi/Project/UnityProject/xlua-lib/sproto/lsproto.c */; settings = {COMPILER_FLAGS = "-DLUA_LIB "; }; };
		25F3C4CFCCCA472081B44E68 /* /Users/shenyi/Project/UnityProject/xlua-lib/lpeg/lpprint.c */ = {isa = PBXBuildFile; fileRef = 697211D8F4114DA2AA7D642C /* /Users/shenyi/Project/UnityProject/xlua-lib/lpeg/lpprint.c */; settings = {COMPILER_FLAGS = "-DLUA_LIB "; }; };
		286EADE5EC7840A79F482AF2 /* /Users/shenyi/Project/UnityProject/xlua-lib/luasocket/usocket.c */ = {isa = PBXBuildFile; fileRef = 23AFF1E3FE844FA49854D4F8 /* /Users/shenyi/Project/UnityProject/xlua-lib/luasocket/usocket.c */; settings = {COMPILER_FLAGS = "-DLUA_COMPAT_APIINTCASTS -DLUA_LIB -D_CRT_SECURE_NO_WARNINGS -D_WINSOCK_DEPRECATED_NO_WARNINGS "; }; };
		2C826D785F764930BDBD7DC7 /* /Users/shenyi/Project/UnityProject/xlua-lib/lua-5.3.4/src/lcorolib.c */ = {isa = PBXBuildFile; fileRef = 7C946DCAA3864379A37766C5 /* /Users/shenyi/Project/UnityProject/xlua-lib/lua-5.3.4/src/lcorolib.c */; };
		3389BAEA52604EF585B94FA8 /* /Users/shenyi/Project/UnityProject/xlua-lib/lpeg/lptree.c */ = {isa = PBXBuildFile; fileRef = 77DA4848823D47B782CE39F7 /* /Users/shenyi/Project/UnityProject/xlua-lib/lpeg/lptree.c */; settings = {COMPILER_FLAGS = "-DLUA_LIB "; }; };
		3C2A74E36D9445CC96C66D31 /* /Users/shenyi/Project/UnityProject/xlua-lib/lua-5.3.4/src/lgc.c */ = {isa = PBXBuildFile; fileRef = 32ABD69054C44E59A4E01317 /* /Users/shenyi/Project/UnityProject/xlua-lib/lua-5.3.4/src/lgc.c */; };
		3C2AD56AD11248A083D2366F /* /Users/shenyi/Project/UnityProject/xlua-lib/lua-5.3.4/src/llex.c */ = {isa = PBXBuildFile; fileRef = 3DB27CC5AC834085971A82BC /* /Users/shenyi/Project/UnityProject/xlua-lib/lua-5.3.4/src/llex.c */; };
		3F2CA99662FE4C40999746C4 /* /Users/shenyi/Project/UnityProject/xlua-lib/lua-5.3.4/src/ldebug.c */ = {isa = PBXBuildFile; fileRef = 1E26A9099134480A8C981B92 /* /Users/shenyi/Project/UnityProject/xlua-lib/lua-5.3.4/src/ldebug.c */; };
		42C759511DE548B8814B05C4 /* /Users/shenyi/Project/UnityProject/xlua-lib/lua-5.3.4/src/lzio.c */ = {isa = PBXBuildFile; fileRef = ED522CEA13484F048ECF0D9B /* /Users/shenyi/Project/UnityProject/xlua-lib/lua-5.3.4/src/lzio.c */; };
		49B193256A91422F947AC922 /* /Users/shenyi/Project/UnityProject/xlua-lib/lua-5.3.4/src/lparser.c */ = {isa = PBXBuildFile; fileRef = 82137BACF8F14FAC922F0195 /* /Users/shenyi/Project/UnityProject/xlua-lib/lua-5.3.4/src/lparser.c */; };
		51FF509795DE4BBA81F25667 /* /Users/shenyi/Project/UnityProject/xlua-lib/luasocket/select.c */ = {isa = PBXBuildFile; fileRef = B736D4A0F4024F7E8998238F /* /Users/shenyi/Project/UnityProject/xlua-lib/luasocket/select.c */; settings = {COMPILER_FLAGS = "-DLUA_COMPAT_APIINTCASTS -DLUA_LIB -D_CRT_SECURE_NO_WARNINGS -D_WINSOCK_DEPRECATED_NO_WARNINGS "; }; };
		542B64E16F8B42BA9C92CC27 /* /Users/shenyi/Project/UnityProject/xlua-lib/lua-5.3.4/src/ltable.c */ = {isa = PBXBuildFile; fileRef = 8256E3B2E125475F818763C8 /* /Users/shenyi/Project/UnityProject/xlua-lib/lua-5.3.4/src/ltable.c */; };
		604FE78E3F394E7791D36B35 /* /Users/shenyi/Project/UnityProject/xlua-lib/lua-5.3.4/src/lbitlib.c */ = {isa = PBXBuildFile; fileRef = 1064CF0A2EDA4F0997AC0758 /* /Users/shenyi/Project/UnityProject/xlua-lib/lua-5.3.4/src/lbitlib.c */; };
		6882927C6AC64ADFBAC2DE82 /* /Users/shenyi/Project/UnityProject/xlua-lib/lua-5.3.4/src/ltablib.c */ = {isa = PBXBuildFile; fileRef = 32A40FFEFF1D49079E95AD88 /* /Users/shenyi/Project/UnityProject/xlua-lib/lua-5.3.4/src/ltablib.c */; };
		69B1739DD7F3428495CDEAAC /* /Users/shenyi/Project/UnityProject/xlua-lib/xlua.c */ = {isa = PBXBuildFile; fileRef = 3927C9FC4D014966A7D4D0C3 /* /Users/shenyi/Project/UnityProject/xlua-lib/xlua.c */; };
		7B6FE80ABEC94846ADD2B41F /* /Users/shenyi/Project/UnityProject/xlua-lib/lua-5.3.4/src/lapi.c */ = {isa = PBXBuildFile; fileRef = 83704E5D23C6433A912704EA /* /Users/shenyi/Project/UnityProject/xlua-lib/lua-5.3.4/src/lapi.c */; };
		7CFF5020F6364D47AD39279E /* /Users/shenyi/Project/UnityProject/xlua-lib/lpeg/lpcode.c */ = {isa = PBXBuildFile; fileRef = ECC969FAF25540CE84572A5A /* /Users/shenyi/Project/UnityProject/xlua-lib/lpeg/lpcode.c */; settings = {COMPILER_FLAGS = "-DLUA_LIB "; }; };
		822598E01E2D4F81BAA0743A /* /Users/shenyi/Project/UnityProject/xlua-lib/lua-5.3.4/src/lvm.c */ = {isa = PBXBuildFile; fileRef = 9688BFC6B1EB4C45982D64BF /* /Users/shenyi/Project/UnityProject/xlua-lib/lua-5.3.4/src/lvm.c */; };
		82D9378967094BF993DCCDBD /* /Users/shenyi/Project/UnityProject/xlua-lib/lua-5.3.4/src/lundump.c */ = {isa = PBXBuildFile; fileRef = 74939BA75CDA4F4692734EBC /* /Users/shenyi/Project/UnityProject/xlua-lib/lua-5.3.4/src/lundump.c */; };
		831F3A7499C244C4AB98F000 /* /Users/shenyi/Project/UnityProject/xlua-lib/lua-5.3.4/src/lmem.c */ = {isa = PBXBuildFile; fileRef = 4FBEA4736FB04C69A43ADEA0 /* /Users/shenyi/Project/UnityProject/xlua-lib/lua-5.3.4/src/lmem.c */; };
		87AA3023BF8648B8B7F43E2D /* /Users/shenyi/Project/UnityProject/xlua-lib/luasocket/inet.c */ = {isa = PBXBuildFile; fileRef = 224F2CEE5E3447C4BFF57216 /* /Users/shenyi/Project/UnityProject/xlua-lib/luasocket/inet.c */; settings = {COMPILER_FLAGS = "-DLUA_COMPAT_APIINTCASTS -DLUA_LIB -D_CRT_SECURE_NO_WARNINGS -D_WINSOCK_DEPRECATED_NO_WARNINGS "; }; };
		891739A5F53B43848BBD6E46 /* /Users/shenyi/Project/UnityProject/xlua-lib/CMakeLists.txt */ = {isa = PBXBuildFile; fileRef = 831F5A327B8045BC9A9B3526 /* /Users/shenyi/Project/UnityProject/xlua-lib/CMakeLists.txt */; };
		8A2FB90CC28F4BD485FB118F /* /Users/shenyi/Project/UnityProject/xlua-lib/lua-5.3.4/src/liolib.c */ = {isa = PBXBuildFile; fileRef = A31CCE0A6D924F9E8F0A60D9 /* /Users/shenyi/Project/UnityProject/xlua-lib/lua-5.3.4/src/liolib.c */; };
		9048DBBD3C0B48B9ADBA8B80 /* /Users/shenyi/Project/UnityProject/xlua-lib/luasocket/timeout.c */ = {isa = PBXBuildFile; fileRef = 938A16D15160459E9B56B946 /* /Users/shenyi/Project/UnityProject/xlua-lib/luasocket/timeout.c */; settings = {COMPILER_FLAGS = "-DLUA_COMPAT_APIINTCASTS -DLUA_LIB -D_CRT_SECURE_NO_WARNINGS -D_WINSOCK_DEPRECATED_NO_WARNINGS "; }; };
		90B3172094084CB2B1D04D34 /* /Users/shenyi/Project/UnityProject/xlua-lib/lua-5.3.4/src/lauxlib.c */ = {isa = PBXBuildFile; fileRef = B970E9A6C8E14D33A1ABBEB1 /* /Users/shenyi/Project/UnityProject/xlua-lib/lua-5.3.4/src/lauxlib.c */; };
		937696C9DA5C4B2F95C20BA4 /* /Users/shenyi/Project/UnityProject/xlua-lib/lua-5.3.4/src/ldump.c */ = {isa = PBXBuildFile; fileRef = 1BDA1232CD4742C1982D4408 /* /Users/shenyi/Project/UnityProject/xlua-lib/lua-5.3.4/src/ldump.c */; };
		9A318FE881E141EDB88CE88F /* /Users/shenyi/Project/UnityProject/xlua-lib/luasocket/tcp.c */ = {isa = PBXBuildFile; fileRef = 3B30AFF37A4A4CFABE96FC9B /* /Users/shenyi/Project/UnityProject/xlua-lib/luasocket/tcp.c */; settings = {COMPILER_FLAGS = "-DLUA_COMPAT_APIINTCASTS -DLUA_LIB -D_CRT_SECURE_NO_WARNINGS -D_WINSOCK_DEPRECATED_NO_WARNINGS "; }; };
		9A581375D96A43D5BB5F9167 /* /Users/shenyi/Project/UnityProject/xlua-lib/lua-5.3.4/src/lutf8lib.c */ = {isa = PBXBuildFile; fileRef = 22B6C5EAFB2B409CB957A5E2 /* /Users/shenyi/Project/UnityProject/xlua-lib/lua-5.3.4/src/lutf8lib.c */; };
		9C8A8B4E06604D09A41A8F07 /* /Users/shenyi/Project/UnityProject/xlua-lib/lua-5.3.4/src/lstring.c */ = {isa = PBXBuildFile; fileRef = FBDAB810853F459C9EED958D /* /Users/shenyi/Project/UnityProject/xlua-lib/lua-5.3.4/src/lstring.c */; };
		9D712B7051094EE3ACC2C648 /* /Users/shenyi/Project/UnityProject/xlua-lib/lua-5.3.4/src/ltm.c */ = {isa = PBXBuildFile; fileRef = CFE9CA149DDB469C8EDD82F5 /* /Users/shenyi/Project/UnityProject/xlua-lib/lua-5.3.4/src/ltm.c */; };
		A5DDE558D32A48978A4F0B97 /* /Users/shenyi/Project/UnityProject/xlua-lib/lua-5.3.4/src/lstrlib.c */ = {isa = PBXBuildFile; fileRef = 4F6119D760664AD7A989F744 /* /Users/shenyi/Project/UnityProject/xlua-lib/lua-5.3.4/src/lstrlib.c */; };
		AB6AC6E3215E41B7B05B400F /* /Users/shenyi/Project/UnityProject/xlua-lib/perflib.c */ = {isa = PBXBuildFile; fileRef = 052491BBBC374DF8AA35B487 /* /Users/shenyi/Project/UnityProject/xlua-lib/perflib.c */; };
		AB92CA8B7EB049A0A3337F04 /* /Users/shenyi/Project/UnityProject/xlua-lib/luasocket/except.c */ = {isa = PBXBuildFile; fileRef = FDE0576615A043189EEB87CA /* /Users/shenyi/Project/UnityProject/xlua-lib/luasocket/except.c */; settings = {COMPILER_FLAGS = "-DLUA_COMPAT_APIINTCASTS -DLUA_LIB -D_CRT_SECURE_NO_WARNINGS -D_WINSOCK_DEPRECATED_NO_WARNINGS "; }; };
		AC4406209DA1423E9ECBD2EF /* /Users/shenyi/Project/UnityProject/xlua-lib/lua-5.3.4/src/lfunc.c */ = {isa = PBXBuildFile; fileRef = 20EE3F71EE134B28BF2F995F /* /Users/shenyi/Project/UnityProject/xlua-lib/lua-5.3.4/src/lfunc.c */; };
		AF79963B994C489D95B0B118 /* /Users/shenyi/Project/UnityProject/xlua-lib/lua-5.3.4/src/lbaselib.c */ = {isa = PBXBuildFile; fileRef = D69DF7FC814A4DCB9B8008FF /* /Users/shenyi/Project/UnityProject/xlua-lib/lua-5.3.4/src/lbaselib.c */; };
		B83A99933B844E128952F644 /* /Users/shenyi/Project/UnityProject/xlua-lib/lpeg/lpvm.c */ = {isa = PBXBuildFile; fileRef = 4F4EAAD2E6F44466B828B3B7 /* /Users/shenyi/Project/UnityProject/xlua-lib/lpeg/lpvm.c */; settings = {COMPILER_FLAGS = "-DLUA_LIB "; }; };
		BDD7DB76AD784B19B8FDD7F2 /* /Users/shenyi/Project/UnityProject/xlua-lib/luasocket/udp.c */ = {isa = PBXBuildFile; fileRef = 511A7D46D45E436F84B67EAA /* /Users/shenyi/Project/UnityProject/xlua-lib/luasocket/udp.c */; settings = {COMPILER_FLAGS = "-DLUA_COMPAT_APIINTCASTS -DLUA_LIB -D_CRT_SECURE_NO_WARNINGS -D_WINSOCK_DEPRECATED_NO_WARNINGS "; }; };
		BE11E549955F4AB2A60894F9 /* /Users/shenyi/Project/UnityProject/xlua-lib/lua-5.3.4/src/loadlib.c */ = {isa = PBXBuildFile; fileRef = 1AACFC18F90B436585F3A57D /* /Users/shenyi/Project/UnityProject/xlua-lib/lua-5.3.4/src/loadlib.c */; };
		C634DB5B3AD54F808FD9F82C /* /Users/shenyi/Project/UnityProject/xlua-lib/lua-5.3.4/src/lstate.c */ = {isa = PBXBuildFile; fileRef = 619EA88CBFD24B5E88D3D2DE /* /Users/shenyi/Project/UnityProject/xlua-lib/lua-5.3.4/src/lstate.c */; };
		CB34DA93834440A3847B845E /* /Users/shenyi/Project/UnityProject/xlua-lib/luasocket/io.c */ = {isa = PBXBuildFile; fileRef = 49DEA63302DF47EC94C6B480 /* /Users/shenyi/Project/UnityProject/xlua-lib/luasocket/io.c */; settings = {COMPILER_FLAGS = "-DLUA_COMPAT_APIINTCASTS -DLUA_LIB -D_CRT_SECURE_NO_WARNINGS -D_WINSOCK_DEPRECATED_NO_WARNINGS "; }; };
		CD66A240024345EAB4B73E4A /* /Users/shenyi/Project/UnityProject/xlua-lib/luasocket/buffer.c */ = {isa = PBXBuildFile; fileRef = A459305C048E46F48A74B7CE /* /Users/shenyi/Project/UnityProject/xlua-lib/luasocket/buffer.c */; settings = {COMPILER_FLAGS = "-DLUA_COMPAT_APIINTCASTS -DLUA_LIB -D_CRT_SECURE_NO_WARNINGS -D_WINSOCK_DEPRECATED_NO_WARNINGS "; }; };
		D242FBAD0A2447A28686AB95 /* /Users/shenyi/Project/UnityProject/xlua-lib/lua-5.3.4/src/loslib.c */ = {isa = PBXBuildFile; fileRef = 2B36778323E444D3A5251734 /* /Users/shenyi/Project/UnityProject/xlua-lib/lua-5.3.4/src/loslib.c */; };
		D51C168B7B924810B47B2526 /* /Users/shenyi/Project/UnityProject/xlua-lib/sproto/sproto.c */ = {isa = PBXBuildFile; fileRef = E85BDE5D530143568DFA2C7A /* /Users/shenyi/Project/UnityProject/xlua-lib/sproto/sproto.c */; settings = {COMPILER_FLAGS = "-DLUA_LIB "; }; };
		DC3DE947D1044B37BE5ADF56 /* /Users/shenyi/Project/UnityProject/xlua-lib/luasocket/options.c */ = {isa = PBXBuildFile; fileRef = B4F658BD23984615AC43EBCD /* /Users/shenyi/Project/UnityProject/xlua-lib/luasocket/options.c */; settings = {COMPILER_FLAGS = "-DLUA_COMPAT_APIINTCASTS -DLUA_LIB -D_CRT_SECURE_NO_WARNINGS -D_WINSOCK_DEPRECATED_NO_WARNINGS "; }; };
		DEDF686F4C274FC183A8B94F /* /Users/shenyi/Project/UnityProject/xlua-lib/lua-rapidjson/source/rapidjson.cpp */ = {isa = PBXBuildFile; fileRef = DF105FF9A8C24D75B4FB5718 /* /Users/shenyi/Project/UnityProject/xlua-lib/lua-rapidjson/source/rapidjson.cpp */; settings = {COMPILER_FLAGS = "-DLUA_LIB "; }; };
		E009B3B698AC4746BC604ADD /* /Users/shenyi/Project/UnityProject/xlua-lib/luasocket/luasocket.c */ = {isa = PBXBuildFile; fileRef = 2747AAD366C14A30B607B4B1 /* /Users/shenyi/Project/UnityProject/xlua-lib/luasocket/luasocket.c */; settings = {COMPILER_FLAGS = "-DLUA_COMPAT_APIINTCASTS -DLUA_LIB -D_CRT_SECURE_NO_WARNINGS -D_WINSOCK_DEPRECATED_NO_WARNINGS "; }; };
		E079EE004654439F9CC91631 /* /Users/shenyi/Project/UnityProject/xlua-lib/lpeg/lpcap.c */ = {isa = PBXBuildFile; fileRef = 6273DA2FEDFD4D1BBEFD4883 /* /Users/shenyi/Project/UnityProject/xlua-lib/lpeg/lpcap.c */; settings = {COMPILER_FLAGS = "-DLUA_LIB "; }; };
		EA53125F7BF248A7A45A47AE /* /Users/shenyi/Project/UnityProject/xlua-lib/lua-5.3.4/src/ldblib.c */ = {isa = PBXBuildFile; fileRef = 61104F0039D1435A8269BDB8 /* /Users/shenyi/Project/UnityProject/xlua-lib/lua-5.3.4/src/ldblib.c */; };
		F0A18046965D4108AAC8CAD1 /* /Users/shenyi/Project/UnityProject/xlua-lib/luasocket/mime.c */ = {isa = PBXBuildFile; fileRef = C2146DB821BC4A48BC605BE3 /* /Users/shenyi/Project/UnityProject/xlua-lib/luasocket/mime.c */; settings = {COMPILER_FLAGS = "-DLUA_COMPAT_APIINTCASTS -DLUA_LIB -D_CRT_SECURE_NO_WARNINGS -D_WINSOCK_DEPRECATED_NO_WARNINGS "; }; };
		F45F0D6021424EF7A956FC5B /* /Users/shenyi/Project/UnityProject/xlua-lib/lua-5.3.4/src/lcode.c */ = {isa = PBXBuildFile; fileRef = 1F6ADE59FBF24BC39E9E7495 /* /Users/shenyi/Project/UnityProject/xlua-lib/lua-5.3.4/src/lcode.c */; };
		F607FCAC8D634A479088617A /* /Users/shenyi/Project/UnityProject/xlua-lib/lua-5.3.4/src/ldo.c */ = {isa = PBXBuildFile; fileRef = AE28E4C3B7154FBB9B8DE512 /* /Users/shenyi/Project/UnityProject/xlua-lib/lua-5.3.4/src/ldo.c */; };
		F8990C95785A45ECA0615290 /* /Users/shenyi/Project/UnityProject/xlua-lib/luasocket/auxiliar.c */ = {isa = PBXBuildFile; fileRef = ABBD877372F64B6380C79F6D /* /Users/shenyi/Project/UnityProject/xlua-lib/luasocket/auxiliar.c */; settings = {COMPILER_FLAGS = "-DLUA_COMPAT_APIINTCASTS -DLUA_LIB -D_CRT_SECURE_NO_WARNINGS -D_WINSOCK_DEPRECATED_NO_WARNINGS "; }; };
		F9A5BA78CE9C4D8CBF4F0E22 /* /Users/shenyi/Project/UnityProject/xlua-lib/i64lib.c */ = {isa = PBXBuildFile; fileRef = 032FF0E34D0B4221B104FC2A /* /Users/shenyi/Project/UnityProject/xlua-lib/i64lib.c */; };
		FBB2CC4F6B5B45BA8D9F5E30 /* /Users/shenyi/Project/UnityProject/xlua-lib/lua-5.3.4/src/lopcodes.c */ = {isa = PBXBuildFile; fileRef = E73D9D5269004DB1AEEFAFDF /* /Users/shenyi/Project/UnityProject/xlua-lib/lua-5.3.4/src/lopcodes.c */; };
		FF0D4234B80F4FC69992D62B /* /Users/shenyi/Project/UnityProject/xlua-lib/lua-5.3.4/src/lobject.c */ = {isa = PBXBuildFile; fileRef = 24650CDBF1AE4D9FA076FEB6 /* /Users/shenyi/Project/UnityProject/xlua-lib/lua-5.3.4/src/lobject.c */; };
/* End PBXBuildFile section */

/* Begin PBXBuildStyle section */
		1B4DE8D8785448BBBF1DCD39 /* RelWithDebInfo */ = {
			isa = PBXBuildStyle;
			buildSettings = {
				COPY_PHASE_STRIP = NO;
			};
			name = RelWithDebInfo;
		};
		1D290035462449A0BD2C5BBC /* Release */ = {
			isa = PBXBuildStyle;
			buildSettings = {
				COPY_PHASE_STRIP = NO;
			};
			name = Release;
		};
		546FFB27831544A2908DFBFA /* MinSizeRel */ = {
			isa = PBXBuildStyle;
			buildSettings = {
				COPY_PHASE_STRIP = NO;
			};
			name = MinSizeRel;
		};
		9C00A130FBB049B1A5035BFC /* Debug */ = {
			isa = PBXBuildStyle;
			buildSettings = {
				COPY_PHASE_STRIP = NO;
			};
			name = Debug;
		};
/* End PBXBuildStyle section */

/* Begin PBXContainerItemProxy section */
		0C314FB923FF4D2FB9B6B7C1 /* PBXContainerItemProxy */ = {
			isa = PBXContainerItemProxy;
			containerPortal = 57D486AACD1349C4B421D37E /* Project object */;
			proxyType = 1;
			remoteGlobalIDString = 28F76F9BB6C0431F9584BB1D;
			remoteInfo = ZERO_CHECK;
		};
		598A586D00174C05B5C58298 /* PBXContainerItemProxy */ = {
			isa = PBXContainerItemProxy;
			containerPortal = 57D486AACD1349C4B421D37E /* Project object */;
			proxyType = 1;
			remoteGlobalIDString = C4F0A21456344916BAFDEFB6;
			remoteInfo = xlua;
		};
		6C87EAD6B68F4AAC8F6DD9F5 /* PBXContainerItemProxy */ = {
			isa = PBXContainerItemProxy;
			containerPortal = 57D486AACD1349C4B421D37E /* Project object */;
			proxyType = 1;
			remoteGlobalIDString = 28F76F9BB6C0431F9584BB1D;
			remoteInfo = ZERO_CHECK;
		};
/* End PBXContainerItemProxy section */

/* Begin PBXFileReference section */
		032FF0E34D0B4221B104FC2A /* /Users/shenyi/Project/UnityProject/xlua-lib/i64lib.c */ = {isa = PBXFileReference; explicitFileType = sourcecode.c.c; fileEncoding = 4; name = i64lib.c; path = i64lib.c; sourceTree = SOURCE_ROOT; };
		052491BBBC374DF8AA35B487 /* /Users/shenyi/Project/UnityProject/xlua-lib/perflib.c */ = {isa = PBXFileReference; explicitFileType = sourcecode.c.c; fileEncoding = 4; name = perflib.c; path = perflib.c; sourceTree = SOURCE_ROOT; };
		1064CF0A2EDA4F0997AC0758 /* /Users/shenyi/Project/UnityProject/xlua-lib/lua-5.3.4/src/lbitlib.c */ = {isa = PBXFileReference; explicitFileType = sourcecode.c.c; fileEncoding = 4; name = lbitlib.c; path = "lua-5.3.4/src/lbitlib.c"; sourceTree = SOURCE_ROOT; };
		1AACFC18F90B436585F3A57D /* /Users/shenyi/Project/UnityProject/xlua-lib/lua-5.3.4/src/loadlib.c */ = {isa = PBXFileReference; explicitFileType = sourcecode.c.c; fileEncoding = 4; name = loadlib.c; path = "lua-5.3.4/src/loadlib.c"; sourceTree = SOURCE_ROOT; };
		1BDA1232CD4742C1982D4408 /* /Users/shenyi/Project/UnityProject/xlua-lib/lua-5.3.4/src/ldump.c */ = {isa = PBXFileReference; explicitFileType = sourcecode.c.c; fileEncoding = 4; name = ldump.c; path = "lua-5.3.4/src/ldump.c"; sourceTree = SOURCE_ROOT; };
		1E26A9099134480A8C981B92 /* /Users/shenyi/Project/UnityProject/xlua-lib/lua-5.3.4/src/ldebug.c */ = {isa = PBXFileReference; explicitFileType = sourcecode.c.c; fileEncoding = 4; name = ldebug.c; path = "lua-5.3.4/src/ldebug.c"; sourceTree = SOURCE_ROOT; };
		1F6ADE59FBF24BC39E9E7495 /* /Users/shenyi/Project/UnityProject/xlua-lib/lua-5.3.4/src/lcode.c */ = {isa = PBXFileReference; explicitFileType = sourcecode.c.c; fileEncoding = 4; name = lcode.c; path = "lua-5.3.4/src/lcode.c"; sourceTree = SOURCE_ROOT; };
		20EE3F71EE134B28BF2F995F /* /Users/shenyi/Project/UnityProject/xlua-lib/lua-5.3.4/src/lfunc.c */ = {isa = PBXFileReference; explicitFileType = sourcecode.c.c; fileEncoding = 4; name = lfunc.c; path = "lua-5.3.4/src/lfunc.c"; sourceTree = SOURCE_ROOT; };
		224F2CEE5E3447C4BFF57216 /* /Users/shenyi/Project/UnityProject/xlua-lib/luasocket/inet.c */ = {isa = PBXFileReference; explicitFileType = sourcecode.c.c; fileEncoding = 4; name = inet.c; path = luasocket/inet.c; sourceTree = SOURCE_ROOT; };
		22B6C5EAFB2B409CB957A5E2 /* /Users/shenyi/Project/UnityProject/xlua-lib/lua-5.3.4/src/lutf8lib.c */ = {isa = PBXFileReference; explicitFileType = sourcecode.c.c; fileEncoding = 4; name = lutf8lib.c; path = "lua-5.3.4/src/lutf8lib.c"; sourceTree = SOURCE_ROOT; };
		23AFF1E3FE844FA49854D4F8 /* /Users/shenyi/Project/UnityProject/xlua-lib/luasocket/usocket.c */ = {isa = PBXFileReference; explicitFileType = sourcecode.c.c; fileEncoding = 4; name = usocket.c; path = luasocket/usocket.c; sourceTree = SOURCE_ROOT; };
		24650CDBF1AE4D9FA076FEB6 /* /Users/shenyi/Project/UnityProject/xlua-lib/lua-5.3.4/src/lobject.c */ = {isa = PBXFileReference; explicitFileType = sourcecode.c.c; fileEncoding = 4; name = lobject.c; path = "lua-5.3.4/src/lobject.c"; sourceTree = SOURCE_ROOT; };
		2747AAD366C14A30B607B4B1 /* /Users/shenyi/Project/UnityProject/xlua-lib/luasocket/luasocket.c */ = {isa = PBXFileReference; explicitFileType = sourcecode.c.c; fileEncoding = 4; name = luasocket.c; path = luasocket/luasocket.c; sourceTree = SOURCE_ROOT; };
		2816287F9CD84D35B45B3A2A /* /Users/shenyi/Project/UnityProject/xlua-lib/lua-5.3.4/src/lmathlib.c */ = {isa = PBXFileReference; explicitFileType = sourcecode.c.c; fileEncoding = 4; name = lmathlib.c; path = "lua-5.3.4/src/lmathlib.c"; sourceTree = SOURCE_ROOT; };
		2B36778323E444D3A5251734 /* /Users/shenyi/Project/UnityProject/xlua-lib/lua-5.3.4/src/loslib.c */ = {isa = PBXFileReference; explicitFileType = sourcecode.c.c; fileEncoding = 4; name = loslib.c; path = "lua-5.3.4/src/loslib.c"; sourceTree = SOURCE_ROOT; };
		32A40FFEFF1D49079E95AD88 /* /Users/shenyi/Project/UnityProject/xlua-lib/lua-5.3.4/src/ltablib.c */ = {isa = PBXFileReference; explicitFileType = sourcecode.c.c; fileEncoding = 4; name = ltablib.c; path = "lua-5.3.4/src/ltablib.c"; sourceTree = SOURCE_ROOT; };
		32ABD69054C44E59A4E01317 /* /Users/shenyi/Project/UnityProject/xlua-lib/lua-5.3.4/src/lgc.c */ = {isa = PBXFileReference; explicitFileType = sourcecode.c.c; fileEncoding = 4; name = lgc.c; path = "lua-5.3.4/src/lgc.c"; sourceTree = SOURCE_ROOT; };
		3927C9FC4D014966A7D4D0C3 /* /Users/shenyi/Project/UnityProject/xlua-lib/xlua.c */ = {isa = PBXFileReference; explicitFileType = sourcecode.c.c; fileEncoding = 4; name = xlua.c; path = xlua.c; sourceTree = SOURCE_ROOT; };
		3B30AFF37A4A4CFABE96FC9B /* /Users/shenyi/Project/UnityProject/xlua-lib/luasocket/tcp.c */ = {isa = PBXFileReference; explicitFileType = sourcecode.c.c; fileEncoding = 4; name = tcp.c; path = luasocket/tcp.c; sourceTree = SOURCE_ROOT; };
		3DB27CC5AC834085971A82BC /* /Users/shenyi/Project/UnityProject/xlua-lib/lua-5.3.4/src/llex.c */ = {isa = PBXFileReference; explicitFileType = sourcecode.c.c; fileEncoding = 4; name = llex.c; path = "lua-5.3.4/src/llex.c"; sourceTree = SOURCE_ROOT; };
		44BFB3608653464D997632E2 /* xlua */ = {isa = PBXFileReference; explicitFileType = "wrapper.plug-in"; path = xlua.bundle/Contents/MacOS/xlua; sourceTree = BUILT_PRODUCTS_DIR; };
		49DEA63302DF47EC94C6B480 /* /Users/shenyi/Project/UnityProject/xlua-lib/luasocket/io.c */ = {isa = PBXFileReference; explicitFileType = sourcecode.c.c; fileEncoding = 4; name = io.c; path = luasocket/io.c; sourceTree = SOURCE_ROOT; };
		4B5EFA28D8C549D38E7AE98F /* /Users/shenyi/Project/UnityProject/xlua-lib/CMakeLists.txt */ = {isa = PBXFileReference; explicitFileType = sourcecode.text; fileEncoding = 4; name = CMakeLists.txt; path = CMakeLists.txt; sourceTree = SOURCE_ROOT; };
		4F4EAAD2E6F44466B828B3B7 /* /Users/shenyi/Project/UnityProject/xlua-lib/lpeg/lpvm.c */ = {isa = PBXFileReference; explicitFileType = sourcecode.c.c; fileEncoding = 4; name = lpvm.c; path = lpeg/lpvm.c; sourceTree = SOURCE_ROOT; };
		4F6119D760664AD7A989F744 /* /Users/shenyi/Project/UnityProject/xlua-lib/lua-5.3.4/src/lstrlib.c */ = {isa = PBXFileReference; explicitFileType = sourcecode.c.c; fileEncoding = 4; name = lstrlib.c; path = "lua-5.3.4/src/lstrlib.c"; sourceTree = SOURCE_ROOT; };
		4FBEA4736FB04C69A43ADEA0 /* /Users/shenyi/Project/UnityProject/xlua-lib/lua-5.3.4/src/lmem.c */ = {isa = PBXFileReference; explicitFileType = sourcecode.c.c; fileEncoding = 4; name = lmem.c; path = "lua-5.3.4/src/lmem.c"; sourceTree = SOURCE_ROOT; };
		511A7D46D45E436F84B67EAA /* /Users/shenyi/Project/UnityProject/xlua-lib/luasocket/udp.c */ = {isa = PBXFileReference; explicitFileType = sourcecode.c.c; fileEncoding = 4; name = udp.c; path = luasocket/udp.c; sourceTree = SOURCE_ROOT; };
		51818E9D8AE54FB39D941E8D /* /Users/shenyi/Project/UnityProject/xlua-lib/sproto/lsproto.c */ = {isa = PBXFileReference; explicitFileType = sourcecode.c.c; fileEncoding = 4; name = lsproto.c; path = sproto/lsproto.c; sourceTree = SOURCE_ROOT; };
		61104F0039D1435A8269BDB8 /* /Users/shenyi/Project/UnityProject/xlua-lib/lua-5.3.4/src/ldblib.c */ = {isa = PBXFileReference; explicitFileType = sourcecode.c.c; fileEncoding = 4; name = ldblib.c; path = "lua-5.3.4/src/ldblib.c"; sourceTree = SOURCE_ROOT; };
		619EA88CBFD24B5E88D3D2DE /* /Users/shenyi/Project/UnityProject/xlua-lib/lua-5.3.4/src/lstate.c */ = {isa = PBXFileReference; explicitFileType = sourcecode.c.c; fileEncoding = 4; name = lstate.c; path = "lua-5.3.4/src/lstate.c"; sourceTree = SOURCE_ROOT; };
		6273DA2FEDFD4D1BBEFD4883 /* /Users/shenyi/Project/UnityProject/xlua-lib/lpeg/lpcap.c */ = {isa = PBXFileReference; explicitFileType = sourcecode.c.c; fileEncoding = 4; name = lpcap.c; path = lpeg/lpcap.c; sourceTree = SOURCE_ROOT; };
		697211D8F4114DA2AA7D642C /* /Users/shenyi/Project/UnityProject/xlua-lib/lpeg/lpprint.c */ = {isa = PBXFileReference; explicitFileType = sourcecode.c.c; fileEncoding = 4; name = lpprint.c; path = lpeg/lpprint.c; sourceTree = SOURCE_ROOT; };
		732C6A82404D4CFEB51BD46F /* /Users/shenyi/Project/UnityProject/xlua-lib/lua-5.3.4/src/lctype.c */ = {isa = PBXFileReference; explicitFileType = sourcecode.c.c; fileEncoding = 4; name = lctype.c; path = "lua-5.3.4/src/lctype.c"; sourceTree = SOURCE_ROOT; };
		74939BA75CDA4F4692734EBC /* /Users/shenyi/Project/UnityProject/xlua-lib/lua-5.3.4/src/lundump.c */ = {isa = PBXFileReference; explicitFileType = sourcecode.c.c; fileEncoding = 4; name = lundump.c; path = "lua-5.3.4/src/lundump.c"; sourceTree = SOURCE_ROOT; };
		77DA4848823D47B782CE39F7 /* /Users/shenyi/Project/UnityProject/xlua-lib/lpeg/lptree.c */ = {isa = PBXFileReference; explicitFileType = sourcecode.c.c; fileEncoding = 4; name = lptree.c; path = lpeg/lptree.c; sourceTree = SOURCE_ROOT; };
		7C946DCAA3864379A37766C5 /* /Users/shenyi/Project/UnityProject/xlua-lib/lua-5.3.4/src/lcorolib.c */ = {isa = PBXFileReference; explicitFileType = sourcecode.c.c; fileEncoding = 4; name = lcorolib.c; path = "lua-5.3.4/src/lcorolib.c"; sourceTree = SOURCE_ROOT; };
		82137BACF8F14FAC922F0195 /* /Users/shenyi/Project/UnityProject/xlua-lib/lua-5.3.4/src/lparser.c */ = {isa = PBXFileReference; explicitFileType = sourcecode.c.c; fileEncoding = 4; name = lparser.c; path = "lua-5.3.4/src/lparser.c"; sourceTree = SOURCE_ROOT; };
		8256E3B2E125475F818763C8 /* /Users/shenyi/Project/UnityProject/xlua-lib/lua-5.3.4/src/ltable.c */ = {isa = PBXFileReference; explicitFileType = sourcecode.c.c; fileEncoding = 4; name = ltable.c; path = "lua-5.3.4/src/ltable.c"; sourceTree = SOURCE_ROOT; };
		831F5A327B8045BC9A9B3526 /* /Users/shenyi/Project/UnityProject/xlua-lib/CMakeLists.txt */ = {isa = PBXFileReference; explicitFileType = sourcecode.text; fileEncoding = 4; name = CMakeLists.txt; path = CMakeLists.txt; sourceTree = SOURCE_ROOT; };
		83704E5D23C6433A912704EA /* /Users/shenyi/Project/UnityProject/xlua-lib/lua-5.3.4/src/lapi.c */ = {isa = PBXFileReference; explicitFileType = sourcecode.c.c; fileEncoding = 4; name = lapi.c; path = "lua-5.3.4/src/lapi.c"; sourceTree = SOURCE_ROOT; };
		938A16D15160459E9B56B946 /* /Users/shenyi/Project/UnityProject/xlua-lib/luasocket/timeout.c */ = {isa = PBXFileReference; explicitFileType = sourcecode.c.c; fileEncoding = 4; name = timeout.c; path = luasocket/timeout.c; sourceTree = SOURCE_ROOT; };
		9688BFC6B1EB4C45982D64BF /* /Users/shenyi/Project/UnityProject/xlua-lib/lua-5.3.4/src/lvm.c */ = {isa = PBXFileReference; explicitFileType = sourcecode.c.c; fileEncoding = 4; name = lvm.c; path = "lua-5.3.4/src/lvm.c"; sourceTree = SOURCE_ROOT; };
		A31CCE0A6D924F9E8F0A60D9 /* /Users/shenyi/Project/UnityProject/xlua-lib/lua-5.3.4/src/liolib.c */ = {isa = PBXFileReference; explicitFileType = sourcecode.c.c; fileEncoding = 4; name = liolib.c; path = "lua-5.3.4/src/liolib.c"; sourceTree = SOURCE_ROOT; };
		A459305C048E46F48A74B7CE /* /Users/shenyi/Project/UnityProject/xlua-lib/luasocket/buffer.c */ = {isa = PBXFileReference; explicitFileType = sourcecode.c.c; fileEncoding = 4; name = buffer.c; path = luasocket/buffer.c; sourceTree = SOURCE_ROOT; };
		A86B5942029D406F81FD777A /* /Users/shenyi/Project/UnityProject/xlua-lib/CMakeLists.txt */ = {isa = PBXFileReference; explicitFileType = sourcecode.text; fileEncoding = 4; name = CMakeLists.txt; path = CMakeLists.txt; sourceTree = SOURCE_ROOT; };
		ABBD877372F64B6380C79F6D /* /Users/shenyi/Project/UnityProject/xlua-lib/luasocket/auxiliar.c */ = {isa = PBXFileReference; explicitFileType = sourcecode.c.c; fileEncoding = 4; name = auxiliar.c; path = luasocket/auxiliar.c; sourceTree = SOURCE_ROOT; };
		AE28E4C3B7154FBB9B8DE512 /* /Users/shenyi/Project/UnityProject/xlua-lib/lua-5.3.4/src/ldo.c */ = {isa = PBXFileReference; explicitFileType = sourcecode.c.c; fileEncoding = 4; name = ldo.c; path = "lua-5.3.4/src/ldo.c"; sourceTree = SOURCE_ROOT; };
		B4F658BD23984615AC43EBCD /* /Users/shenyi/Project/UnityProject/xlua-lib/luasocket/options.c */ = {isa = PBXFileReference; explicitFileType = sourcecode.c.c; fileEncoding = 4; name = options.c; path = luasocket/options.c; sourceTree = SOURCE_ROOT; };
		B736D4A0F4024F7E8998238F /* /Users/shenyi/Project/UnityProject/xlua-lib/luasocket/select.c */ = {isa = PBXFileReference; explicitFileType = sourcecode.c.c; fileEncoding = 4; name = select.c; path = luasocket/select.c; sourceTree = SOURCE_ROOT; };
		B970E9A6C8E14D33A1ABBEB1 /* /Users/shenyi/Project/UnityProject/xlua-lib/lua-5.3.4/src/lauxlib.c */ = {isa = PBXFileReference; explicitFileType = sourcecode.c.c; fileEncoding = 4; name = lauxlib.c; path = "lua-5.3.4/src/lauxlib.c"; sourceTree = SOURCE_ROOT; };
		C2146DB821BC4A48BC605BE3 /* /Users/shenyi/Project/UnityProject/xlua-lib/luasocket/mime.c */ = {isa = PBXFileReference; explicitFileType = sourcecode.c.c; fileEncoding = 4; name = mime.c; path = luasocket/mime.c; sourceTree = SOURCE_ROOT; };
		CFE9CA149DDB469C8EDD82F5 /* /Users/shenyi/Project/UnityProject/xlua-lib/lua-5.3.4/src/ltm.c */ = {isa = PBXFileReference; explicitFileType = sourcecode.c.c; fileEncoding = 4; name = ltm.c; path = "lua-5.3.4/src/ltm.c"; sourceTree = SOURCE_ROOT; };
		D69DF7FC814A4DCB9B8008FF /* /Users/shenyi/Project/UnityProject/xlua-lib/lua-5.3.4/src/lbaselib.c */ = {isa = PBXFileReference; explicitFileType = sourcecode.c.c; fileEncoding = 4; name = lbaselib.c; path = "lua-5.3.4/src/lbaselib.c"; sourceTree = SOURCE_ROOT; };
		DF105FF9A8C24D75B4FB5718 /* /Users/shenyi/Project/UnityProject/xlua-lib/lua-rapidjson/source/rapidjson.cpp */ = {isa = PBXFileReference; explicitFileType = sourcecode.cpp.cpp; fileEncoding = 4; name = rapidjson.cpp; path = "lua-rapidjson/source/rapidjson.cpp"; sourceTree = SOURCE_ROOT; };
		E513FAE0E9E1406C9B6EB27A /* /Users/shenyi/Project/UnityProject/xlua-lib/lua-5.3.4/src/linit.c */ = {isa = PBXFileReference; explicitFileType = sourcecode.c.c; fileEncoding = 4; name = linit.c; path = "lua-5.3.4/src/linit.c"; sourceTree = SOURCE_ROOT; };
		E73D9D5269004DB1AEEFAFDF /* /Users/shenyi/Project/UnityProject/xlua-lib/lua-5.3.4/src/lopcodes.c */ = {isa = PBXFileReference; explicitFileType = sourcecode.c.c; fileEncoding = 4; name = lopcodes.c; path = "lua-5.3.4/src/lopcodes.c"; sourceTree = SOURCE_ROOT; };
		E85BDE5D530143568DFA2C7A /* /Users/shenyi/Project/UnityProject/xlua-lib/sproto/sproto.c */ = {isa = PBXFileReference; explicitFileType = sourcecode.c.c; fileEncoding = 4; name = sproto.c; path = sproto/sproto.c; sourceTree = SOURCE_ROOT; };
		ECC969FAF25540CE84572A5A /* /Users/shenyi/Project/UnityProject/xlua-lib/lpeg/lpcode.c */ = {isa = PBXFileReference; explicitFileType = sourcecode.c.c; fileEncoding = 4; name = lpcode.c; path = lpeg/lpcode.c; sourceTree = SOURCE_ROOT; };
		ED522CEA13484F048ECF0D9B /* /Users/shenyi/Project/UnityProject/xlua-lib/lua-5.3.4/src/lzio.c */ = {isa = PBXFileReference; explicitFileType = sourcecode.c.c; fileEncoding = 4; name = lzio.c; path = "lua-5.3.4/src/lzio.c"; sourceTree = SOURCE_ROOT; };
		FBDAB810853F459C9EED958D /* /Users/shenyi/Project/UnityProject/xlua-lib/lua-5.3.4/src/lstring.c */ = {isa = PBXFileReference; explicitFileType = sourcecode.c.c; fileEncoding = 4; name = lstring.c; path = "lua-5.3.4/src/lstring.c"; sourceTree = SOURCE_ROOT; };
		FDE0576615A043189EEB87CA /* /Users/shenyi/Project/UnityProject/xlua-lib/luasocket/except.c */ = {isa = PBXFileReference; explicitFileType = sourcecode.c.c; fileEncoding = 4; name = except.c; path = luasocket/except.c; sourceTree = SOURCE_ROOT; };
/* End PBXFileReference section */

/* Begin PBXGroup section */
		07D4627868CA4B5D95A7C367 /* ZERO_CHECK */ = {
			isa = PBXGroup;
			children = (
				CFC970A1790D4E029A1A2143 /* CMake Rules */,
				4B5EFA28D8C549D38E7AE98F /* /Users/shenyi/Project/UnityProject/xlua-lib/CMakeLists.txt */,
			);
			name = ZERO_CHECK;
			sourceTree = "<group>";
		};
		0DC4AC50F922483EB4B03233 /* Products */ = {
			isa = PBXGroup;
			children = (
				44BFB3608653464D997632E2 /* xlua */,
			);
			name = Products;
			sourceTree = "<group>";
		};
		1278C26CE6784AA79D179FE3 /* src */ = {
			isa = PBXGroup;
			children = (
				83704E5D23C6433A912704EA /* /Users/shenyi/Project/UnityProject/xlua-lib/lua-5.3.4/src/lapi.c */,
				B970E9A6C8E14D33A1ABBEB1 /* /Users/shenyi/Project/UnityProject/xlua-lib/lua-5.3.4/src/lauxlib.c */,
				D69DF7FC814A4DCB9B8008FF /* /Users/shenyi/Project/UnityProject/xlua-lib/lua-5.3.4/src/lbaselib.c */,
				1064CF0A2EDA4F0997AC0758 /* /Users/shenyi/Project/UnityProject/xlua-lib/lua-5.3.4/src/lbitlib.c */,
				1F6ADE59FBF24BC39E9E7495 /* /Users/shenyi/Project/UnityProject/xlua-lib/lua-5.3.4/src/lcode.c */,
				7C946DCAA3864379A37766C5 /* /Users/shenyi/Project/UnityProject/xlua-lib/lua-5.3.4/src/lcorolib.c */,
				732C6A82404D4CFEB51BD46F /* /Users/shenyi/Project/UnityProject/xlua-lib/lua-5.3.4/src/lctype.c */,
				61104F0039D1435A8269BDB8 /* /Users/shenyi/Project/UnityProject/xlua-lib/lua-5.3.4/src/ldblib.c */,
				1E26A9099134480A8C981B92 /* /Users/shenyi/Project/UnityProject/xlua-lib/lua-5.3.4/src/ldebug.c */,
				AE28E4C3B7154FBB9B8DE512 /* /Users/shenyi/Project/UnityProject/xlua-lib/lua-5.3.4/src/ldo.c */,
				1BDA1232CD4742C1982D4408 /* /Users/shenyi/Project/UnityProject/xlua-lib/lua-5.3.4/src/ldump.c */,
				20EE3F71EE134B28BF2F995F /* /Users/shenyi/Project/UnityProject/xlua-lib/lua-5.3.4/src/lfunc.c */,
				32ABD69054C44E59A4E01317 /* /Users/shenyi/Project/UnityProject/xlua-lib/lua-5.3.4/src/lgc.c */,
				E513FAE0E9E1406C9B6EB27A /* /Users/shenyi/Project/UnityProject/xlua-lib/lua-5.3.4/src/linit.c */,
				A31CCE0A6D924F9E8F0A60D9 /* /Users/shenyi/Project/UnityProject/xlua-lib/lua-5.3.4/src/liolib.c */,
				3DB27CC5AC834085971A82BC /* /Users/shenyi/Project/UnityProject/xlua-lib/lua-5.3.4/src/llex.c */,
				2816287F9CD84D35B45B3A2A /* /Users/shenyi/Project/UnityProject/xlua-lib/lua-5.3.4/src/lmathlib.c */,
				4FBEA4736FB04C69A43ADEA0 /* /Users/shenyi/Project/UnityProject/xlua-lib/lua-5.3.4/src/lmem.c */,
				1AACFC18F90B436585F3A57D /* /Users/shenyi/Project/UnityProject/xlua-lib/lua-5.3.4/src/loadlib.c */,
				24650CDBF1AE4D9FA076FEB6 /* /Users/shenyi/Project/UnityProject/xlua-lib/lua-5.3.4/src/lobject.c */,
				E73D9D5269004DB1AEEFAFDF /* /Users/shenyi/Project/UnityProject/xlua-lib/lua-5.3.4/src/lopcodes.c */,
				2B36778323E444D3A5251734 /* /Users/shenyi/Project/UnityProject/xlua-lib/lua-5.3.4/src/loslib.c */,
				82137BACF8F14FAC922F0195 /* /Users/shenyi/Project/UnityProject/xlua-lib/lua-5.3.4/src/lparser.c */,
				619EA88CBFD24B5E88D3D2DE /* /Users/shenyi/Project/UnityProject/xlua-lib/lua-5.3.4/src/lstate.c */,
				FBDAB810853F459C9EED958D /* /Users/shenyi/Project/UnityProject/xlua-lib/lua-5.3.4/src/lstring.c */,
				4F6119D760664AD7A989F744 /* /Users/shenyi/Project/UnityProject/xlua-lib/lua-5.3.4/src/lstrlib.c */,
				8256E3B2E125475F818763C8 /* /Users/shenyi/Project/UnityProject/xlua-lib/lua-5.3.4/src/ltable.c */,
				32A40FFEFF1D49079E95AD88 /* /Users/shenyi/Project/UnityProject/xlua-lib/lua-5.3.4/src/ltablib.c */,
				CFE9CA149DDB469C8EDD82F5 /* /Users/shenyi/Project/UnityProject/xlua-lib/lua-5.3.4/src/ltm.c */,
				74939BA75CDA4F4692734EBC /* /Users/shenyi/Project/UnityProject/xlua-lib/lua-5.3.4/src/lundump.c */,
				22B6C5EAFB2B409CB957A5E2 /* /Users/shenyi/Project/UnityProject/xlua-lib/lua-5.3.4/src/lutf8lib.c */,
				9688BFC6B1EB4C45982D64BF /* /Users/shenyi/Project/UnityProject/xlua-lib/lua-5.3.4/src/lvm.c */,
				ED522CEA13484F048ECF0D9B /* /Users/shenyi/Project/UnityProject/xlua-lib/lua-5.3.4/src/lzio.c */,
			);
			name = src;
			sourceTree = "<group>";
		};
		5AD3C9CD52DF4D0DBFFF9650 /* lua-5.3.4 */ = {
			isa = PBXGroup;
			children = (
				1278C26CE6784AA79D179FE3 /* src */,
			);
			name = "lua-5.3.4";
			sourceTree = "<group>";
		};
		72092D9DDF1B49569076C1ED /* ALL_BUILD */ = {
			isa = PBXGroup;
			children = (
				87272FC90AE7435F8B830810 /* CMake Rules */,
				A86B5942029D406F81FD777A /* /Users/shenyi/Project/UnityProject/xlua-lib/CMakeLists.txt */,
			);
			name = ALL_BUILD;
			sourceTree = "<group>";
		};
		7DFA54A91CBE40E88A7072F9 /* xlua */ = {
			isa = PBXGroup;
			children = (
				5AD3C9CD52DF4D0DBFFF9650 /* lua-5.3.4 */,
				FA62E9EDE1774B9F9AE3B7E9 /* luasocket */,
				959D223570534952AE5ADE2E /* Source Files */,
				831F5A327B8045BC9A9B3526 /* /Users/shenyi/Project/UnityProject/xlua-lib/CMakeLists.txt */,
				032FF0E34D0B4221B104FC2A /* /Users/shenyi/Project/UnityProject/xlua-lib/i64lib.c */,
				052491BBBC374DF8AA35B487 /* /Users/shenyi/Project/UnityProject/xlua-lib/perflib.c */,
				3927C9FC4D014966A7D4D0C3 /* /Users/shenyi/Project/UnityProject/xlua-lib/xlua.c */,
			);
			name = xlua;
			sourceTree = "<group>";
		};
		87272FC90AE7435F8B830810 /* CMake Rules */ = {
			isa = PBXGroup;
			children = (
			);
			name = "CMake Rules";
			sourceTree = "<group>";
		};
		959D223570534952AE5ADE2E /* Source Files */ = {
			isa = PBXGroup;
			children = (
				6273DA2FEDFD4D1BBEFD4883 /* /Users/shenyi/Project/UnityProject/xlua-lib/lpeg/lpcap.c */,
				ECC969FAF25540CE84572A5A /* /Users/shenyi/Project/UnityProject/xlua-lib/lpeg/lpcode.c */,
				697211D8F4114DA2AA7D642C /* /Users/shenyi/Project/UnityProject/xlua-lib/lpeg/lpprint.c */,
				77DA4848823D47B782CE39F7 /* /Users/shenyi/Project/UnityProject/xlua-lib/lpeg/lptree.c */,
				4F4EAAD2E6F44466B828B3B7 /* /Users/shenyi/Project/UnityProject/xlua-lib/lpeg/lpvm.c */,
				DF105FF9A8C24D75B4FB5718 /* /Users/shenyi/Project/UnityProject/xlua-lib/lua-rapidjson/source/rapidjson.cpp */,
				51818E9D8AE54FB39D941E8D /* /Users/shenyi/Project/UnityProject/xlua-lib/sproto/lsproto.c */,
				E85BDE5D530143568DFA2C7A /* /Users/shenyi/Project/UnityProject/xlua-lib/sproto/sproto.c */,
			);
			name = "Source Files";
			sourceTree = "<group>";
		};
		B7E2F77BAD3F4691BF25CD1F = {
			isa = PBXGroup;
			children = (
				7DFA54A91CBE40E88A7072F9 /* xlua */,
				72092D9DDF1B49569076C1ED /* ALL_BUILD */,
				07D4627868CA4B5D95A7C367 /* ZERO_CHECK */,
				0DC4AC50F922483EB4B03233 /* Products */,
			);
			sourceTree = "<group>";
		};
		CFC970A1790D4E029A1A2143 /* CMake Rules */ = {
			isa = PBXGroup;
			children = (
			);
			name = "CMake Rules";
			sourceTree = "<group>";
		};
		FA62E9EDE1774B9F9AE3B7E9 /* luasocket */ = {
			isa = PBXGroup;
			children = (
				ABBD877372F64B6380C79F6D /* /Users/shenyi/Project/UnityProject/xlua-lib/luasocket/auxiliar.c */,
				A459305C048E46F48A74B7CE /* /Users/shenyi/Project/UnityProject/xlua-lib/luasocket/buffer.c */,
				FDE0576615A043189EEB87CA /* /Users/shenyi/Project/UnityProject/xlua-lib/luasocket/except.c */,
				224F2CEE5E3447C4BFF57216 /* /Users/shenyi/Project/UnityProject/xlua-lib/luasocket/inet.c */,
				49DEA63302DF47EC94C6B480 /* /Users/shenyi/Project/UnityProject/xlua-lib/luasocket/io.c */,
				2747AAD366C14A30B607B4B1 /* /Users/shenyi/Project/UnityProject/xlua-lib/luasocket/luasocket.c */,
				C2146DB821BC4A48BC605BE3 /* /Users/shenyi/Project/UnityProject/xlua-lib/luasocket/mime.c */,
				B4F658BD23984615AC43EBCD /* /Users/shenyi/Project/UnityProject/xlua-lib/luasocket/options.c */,
				B736D4A0F4024F7E8998238F /* /Users/shenyi/Project/UnityProject/xlua-lib/luasocket/select.c */,
				3B30AFF37A4A4CFABE96FC9B /* /Users/shenyi/Project/UnityProject/xlua-lib/luasocket/tcp.c */,
				938A16D15160459E9B56B946 /* /Users/shenyi/Project/UnityProject/xlua-lib/luasocket/timeout.c */,
				511A7D46D45E436F84B67EAA /* /Users/shenyi/Project/UnityProject/xlua-lib/luasocket/udp.c */,
				23AFF1E3FE844FA49854D4F8 /* /Users/shenyi/Project/UnityProject/xlua-lib/luasocket/usocket.c */,
			);
			name = luasocket;
			sourceTree = "<group>";
		};
/* End PBXGroup section */

/* Begin PBXNativeTarget section */
		C4F0A21456344916BAFDEFB6 /* xlua */ = {
			isa = PBXNativeTarget;
			buildConfigurationList = ACB8F2DB8D8F436BB5378C46 /* Build configuration list for PBXNativeTarget "xlua" */;
			buildPhases = (
				ACA38803B6034294AC56B015 /* Sources */,
			);
			buildRules = (
			);
			dependencies = (
				6E001AB4BA004871B71C7621 /* PBXTargetDependency */,
			);
			name = xlua;
			productName = xlua;
			productReference = 44BFB3608653464D997632E2 /* xlua */;
			productType = "com.apple.product-type.bundle";
		};
/* End PBXNativeTarget section */

/* Begin PBXProject section */
		57D486AACD1349C4B421D37E /* Project object */ = {
			isa = PBXProject;
			attributes = {
				BuildIndependentTargetsInParallel = YES;
				LastUpgradeCheck = 0940;
			};
			buildConfigurationList = 379FB9B4FAE641B8AA183019 /* Build configuration list for PBXProject "XLua" */;
			buildSettings = {
			};
			buildStyles = (
				9C00A130FBB049B1A5035BFC /* Debug */,
				1D290035462449A0BD2C5BBC /* Release */,
				546FFB27831544A2908DFBFA /* MinSizeRel */,
				1B4DE8D8785448BBBF1DCD39 /* RelWithDebInfo */,
			);
			compatibilityVersion = "Xcode 3.2";
			hasScannedForEncodings = 0;
			mainGroup = B7E2F77BAD3F4691BF25CD1F;
			projectDirPath = ../;
			projectRoot = "";
			targets = (
				8261990D72CE4F18BFDDA113 /* ALL_BUILD */,
				28F76F9BB6C0431F9584BB1D /* ZERO_CHECK */,
				C4F0A21456344916BAFDEFB6 /* xlua */,
			);
		};
/* End PBXProject section */

/* Begin PBXShellScriptBuildPhase section */
		23B1AE679E894675867A53D8 /* CMake Rules */ = {
			isa = PBXShellScriptBuildPhase;
			buildActionMask = 2147483647;
			files = (
			);
			name = "CMake Rules";
			runOnlyForDeploymentPostprocessing = 0;
			shellPath = /bin/sh;
			shellScript = "make -C /Users/shenyi/Project/UnityProject/xlua-lib/build_osx -f /Users/shenyi/Project/UnityProject/xlua-lib/build_osx/CMakeScripts/ALL_BUILD_cmakeRulesBuildPhase.make$CONFIGURATION all";
			showEnvVarsInLog = 0;
		};
		2E6EE4E1330542A5AB727B66 = {
			isa = PBXShellScriptBuildPhase;
			buildActionMask = 2147483647;
			files = (
			);
			inputPaths = (
			);
			outputPaths = (
			);
			runOnlyForDeploymentPostprocessing = 0;
			shellPath = /bin/sh;
			shellScript = "# shell script goes here
exit 0";
			showEnvVarsInLog = 0;
		};
		B55411B9F09940C9AEBD03EE /* CMake Rules */ = {
			isa = PBXShellScriptBuildPhase;
			buildActionMask = 2147483647;
			files = (
			);
			name = "CMake Rules";
			runOnlyForDeploymentPostprocessing = 0;
			shellPath = /bin/sh;
			shellScript = "make -C /Users/shenyi/Project/UnityProject/xlua-lib/build_osx -f /Users/shenyi/Project/UnityProject/xlua-lib/build_osx/CMakeScripts/ZERO_CHECK_cmakeRulesBuildPhase.make$CONFIGURATION all";
			showEnvVarsInLog = 0;
		};
		FDD8DAAB49B144DABE39F2CC = {
			isa = PBXShellScriptBuildPhase;
			buildActionMask = 2147483647;
			files = (
			);
			inputPaths = (
			);
			outputPaths = (
			);
			runOnlyForDeploymentPostprocessing = 0;
			shellPath = /bin/sh;
			shellScript = "# shell script goes here
exit 0";
			showEnvVarsInLog = 0;
		};
/* End PBXShellScriptBuildPhase section */

/* Begin PBXSourcesBuildPhase section */
		ACA38803B6034294AC56B015 /* Sources */ = {
			isa = PBXSourcesBuildPhase;
			buildActionMask = 2147483647;
			files = (
				F9A5BA78CE9C4D8CBF4F0E22 /* /Users/shenyi/Project/UnityProject/xlua-lib/i64lib.c */,
				E079EE004654439F9CC91631 /* /Users/shenyi/Project/UnityProject/xlua-lib/lpeg/lpcap.c */,
				7CFF5020F6364D47AD39279E /* /Users/shenyi/Project/UnityProject/xlua-lib/lpeg/lpcode.c */,
				25F3C4CFCCCA472081B44E68 /* /Users/shenyi/Project/UnityProject/xlua-lib/lpeg/lpprint.c */,
				3389BAEA52604EF585B94FA8 /* /Users/shenyi/Project/UnityProject/xlua-lib/lpeg/lptree.c */,
				B83A99933B844E128952F644 /* /Users/shenyi/Project/UnityProject/xlua-lib/lpeg/lpvm.c */,
				7B6FE80ABEC94846ADD2B41F /* /Users/shenyi/Project/UnityProject/xlua-lib/lua-5.3.4/src/lapi.c */,
				90B3172094084CB2B1D04D34 /* /Users/shenyi/Project/UnityProject/xlua-lib/lua-5.3.4/src/lauxlib.c */,
				AF79963B994C489D95B0B118 /* /Users/shenyi/Project/UnityProject/xlua-lib/lua-5.3.4/src/lbaselib.c */,
				604FE78E3F394E7791D36B35 /* /Users/shenyi/Project/UnityProject/xlua-lib/lua-5.3.4/src/lbitlib.c */,
				F45F0D6021424EF7A956FC5B /* /Users/shenyi/Project/UnityProject/xlua-lib/lua-5.3.4/src/lcode.c */,
				2C826D785F764930BDBD7DC7 /* /Users/shenyi/Project/UnityProject/xlua-lib/lua-5.3.4/src/lcorolib.c */,
				07A2C82A01374A2DADAB53DA /* /Users/shenyi/Project/UnityProject/xlua-lib/lua-5.3.4/src/lctype.c */,
				EA53125F7BF248A7A45A47AE /* /Users/shenyi/Project/UnityProject/xlua-lib/lua-5.3.4/src/ldblib.c */,
				3F2CA99662FE4C40999746C4 /* /Users/shenyi/Project/UnityProject/xlua-lib/lua-5.3.4/src/ldebug.c */,
				F607FCAC8D634A479088617A /* /Users/shenyi/Project/UnityProject/xlua-lib/lua-5.3.4/src/ldo.c */,
				937696C9DA5C4B2F95C20BA4 /* /Users/shenyi/Project/UnityProject/xlua-lib/lua-5.3.4/src/ldump.c */,
				AC4406209DA1423E9ECBD2EF /* /Users/shenyi/Project/UnityProject/xlua-lib/lua-5.3.4/src/lfunc.c */,
				3C2A74E36D9445CC96C66D31 /* /Users/shenyi/Project/UnityProject/xlua-lib/lua-5.3.4/src/lgc.c */,
				015F5C2F82C4447BA5C95FED /* /Users/shenyi/Project/UnityProject/xlua-lib/lua-5.3.4/src/linit.c */,
				8A2FB90CC28F4BD485FB118F /* /Users/shenyi/Project/UnityProject/xlua-lib/lua-5.3.4/src/liolib.c */,
				3C2AD56AD11248A083D2366F /* /Users/shenyi/Project/UnityProject/xlua-lib/lua-5.3.4/src/llex.c */,
				22C3EFED77544CB092B57452 /* /Users/shenyi/Project/UnityProject/xlua-lib/lua-5.3.4/src/lmathlib.c */,
				831F3A7499C244C4AB98F000 /* /Users/shenyi/Project/UnityProject/xlua-lib/lua-5.3.4/src/lmem.c */,
				BE11E549955F4AB2A60894F9 /* /Users/shenyi/Project/UnityProject/xlua-lib/lua-5.3.4/src/loadlib.c */,
				FF0D4234B80F4FC69992D62B /* /Users/shenyi/Project/UnityProject/xlua-lib/lua-5.3.4/src/lobject.c */,
				FBB2CC4F6B5B45BA8D9F5E30 /* /Users/shenyi/Project/UnityProject/xlua-lib/lua-5.3.4/src/lopcodes.c */,
				D242FBAD0A2447A28686AB95 /* /Users/shenyi/Project/UnityProject/xlua-lib/lua-5.3.4/src/loslib.c */,
				49B193256A91422F947AC922 /* /Users/shenyi/Project/UnityProject/xlua-lib/lua-5.3.4/src/lparser.c */,
				C634DB5B3AD54F808FD9F82C /* /Users/shenyi/Project/UnityProject/xlua-lib/lua-5.3.4/src/lstate.c */,
				9C8A8B4E06604D09A41A8F07 /* /Users/shenyi/Project/UnityProject/xlua-lib/lua-5.3.4/src/lstring.c */,
				A5DDE558D32A48978A4F0B97 /* /Users/shenyi/Project/UnityProject/xlua-lib/lua-5.3.4/src/lstrlib.c */,
				542B64E16F8B42BA9C92CC27 /* /Users/shenyi/Project/UnityProject/xlua-lib/lua-5.3.4/src/ltable.c */,
				6882927C6AC64ADFBAC2DE82 /* /Users/shenyi/Project/UnityProject/xlua-lib/lua-5.3.4/src/ltablib.c */,
				9D712B7051094EE3ACC2C648 /* /Users/shenyi/Project/UnityProject/xlua-lib/lua-5.3.4/src/ltm.c */,
				82D9378967094BF993DCCDBD /* /Users/shenyi/Project/UnityProject/xlua-lib/lua-5.3.4/src/lundump.c */,
				9A581375D96A43D5BB5F9167 /* /Users/shenyi/Project/UnityProject/xlua-lib/lua-5.3.4/src/lutf8lib.c */,
				822598E01E2D4F81BAA0743A /* /Users/shenyi/Project/UnityProject/xlua-lib/lua-5.3.4/src/lvm.c */,
				42C759511DE548B8814B05C4 /* /Users/shenyi/Project/UnityProject/xlua-lib/lua-5.3.4/src/lzio.c */,
				DEDF686F4C274FC183A8B94F /* /Users/shenyi/Project/UnityProject/xlua-lib/lua-rapidjson/source/rapidjson.cpp */,
				F8990C95785A45ECA0615290 /* /Users/shenyi/Project/UnityProject/xlua-lib/luasocket/auxiliar.c */,
				CD66A240024345EAB4B73E4A /* /Users/shenyi/Project/UnityProject/xlua-lib/luasocket/buffer.c */,
				AB92CA8B7EB049A0A3337F04 /* /Users/shenyi/Project/UnityProject/xlua-lib/luasocket/except.c */,
				87AA3023BF8648B8B7F43E2D /* /Users/shenyi/Project/UnityProject/xlua-lib/luasocket/inet.c */,
				CB34DA93834440A3847B845E /* /Users/shenyi/Project/UnityProject/xlua-lib/luasocket/io.c */,
				E009B3B698AC4746BC604ADD /* /Users/shenyi/Project/UnityProject/xlua-lib/luasocket/luasocket.c */,
				F0A18046965D4108AAC8CAD1 /* /Users/shenyi/Project/UnityProject/xlua-lib/luasocket/mime.c */,
				DC3DE947D1044B37BE5ADF56 /* /Users/shenyi/Project/UnityProject/xlua-lib/luasocket/options.c */,
				51FF509795DE4BBA81F25667 /* /Users/shenyi/Project/UnityProject/xlua-lib/luasocket/select.c */,
				9A318FE881E141EDB88CE88F /* /Users/shenyi/Project/UnityProject/xlua-lib/luasocket/tcp.c */,
				9048DBBD3C0B48B9ADBA8B80 /* /Users/shenyi/Project/UnityProject/xlua-lib/luasocket/timeout.c */,
				BDD7DB76AD784B19B8FDD7F2 /* /Users/shenyi/Project/UnityProject/xlua-lib/luasocket/udp.c */,
				286EADE5EC7840A79F482AF2 /* /Users/shenyi/Project/UnityProject/xlua-lib/luasocket/usocket.c */,
				AB6AC6E3215E41B7B05B400F /* /Users/shenyi/Project/UnityProject/xlua-lib/perflib.c */,
				237A07110B9D4EFC933C892E /* /Users/shenyi/Project/UnityProject/xlua-lib/sproto/lsproto.c */,
				D51C168B7B924810B47B2526 /* /Users/shenyi/Project/UnityProject/xlua-lib/sproto/sproto.c */,
				69B1739DD7F3428495CDEAAC /* /Users/shenyi/Project/UnityProject/xlua-lib/xlua.c */,
			);
			runOnlyForDeploymentPostprocessing = 0;
		};
/* End PBXSourcesBuildPhase section */

/* Begin PBXTargetDependency section */
		0E49646F5FCC4EEA93DB3A37 /* PBXTargetDependency */ = {
			isa = PBXTargetDependency;
			target = 28F76F9BB6C0431F9584BB1D /* ZERO_CHECK */;
			targetProxy = 0C314FB923FF4D2FB9B6B7C1 /* PBXContainerItemProxy */;
		};
		6E001AB4BA004871B71C7621 /* PBXTargetDependency */ = {
			isa = PBXTargetDependency;
			target = 28F76F9BB6C0431F9584BB1D /* ZERO_CHECK */;
			targetProxy = 6C87EAD6B68F4AAC8F6DD9F5 /* PBXContainerItemProxy */;
		};
		7415B30D9E504D019E64EF4D /* PBXTargetDependency */ = {
			isa = PBXTargetDependency;
			target = C4F0A21456344916BAFDEFB6 /* xlua */;
			targetProxy = 598A586D00174C05B5C58298 /* PBXContainerItemProxy */;
		};
/* End PBXTargetDependency section */

/* Begin XCBuildConfiguration section */
		141DF25954964F1796EB609A /* Release */ = {
			isa = XCBuildConfiguration;
			buildSettings = {
				COMBINE_HIDPI_IMAGES = YES;
				GCC_GENERATE_DEBUGGING_SYMBOLS = YES;
				GCC_INLINES_ARE_PRIVATE_EXTERN = NO;
				GCC_OPTIMIZATION_LEVEL = 0;
				GCC_PREPROCESSOR_DEFINITIONS = ("'CMAKE_INTDIR=\"$(CONFIGURATION)$(EFFECTIVE_PLATFORM_NAME)\"'");
				GCC_SYMBOLS_PRIVATE_EXTERN = NO;
				HEADER_SEARCH_PATHS = ("/Users/shenyi/Project/UnityProject/xlua-lib","/Users/shenyi/Project/UnityProject/xlua-lib/lua-5.3.4/src","/Users/shenyi/Project/UnityProject/xlua-lib/build_osx","/Users/shenyi/Project/UnityProject/xlua-lib/lua-rapidjson/include","/Users/shenyi/Project/UnityProject/xlua-lib/lpeg","/Users/shenyi/Project/UnityProject/xlua-lib/sproto");
				INSTALL_PATH = "";
				OTHER_LDFLAGS = " ";
				OTHER_REZFLAGS = "";
				PRODUCT_NAME = ZERO_CHECK;
				SECTORDER_FLAGS = "";
				SYMROOT = "/Users/shenyi/Project/UnityProject/xlua-lib/build_osx";
				USE_HEADERMAP = NO;
				WARNING_CFLAGS = ("-Wmost","-Wno-four-char-constants","-Wno-unknown-pragmas","$(inherited)");
			};
			name = Release;
		};
		2D29AA9E71E9431DA40393AD /* Release */ = {
			isa = XCBuildConfiguration;
			buildSettings = {
				ARCHS = "$(ARCHS_STANDARD_32_64_BIT)";
				COMBINE_HIDPI_IMAGES = YES;
				EXECUTABLE_PREFIX = "";
				EXECUTABLE_SUFFIX = "";
				GCC_GENERATE_DEBUGGING_SYMBOLS = NO;
				GCC_INLINES_ARE_PRIVATE_EXTERN = NO;
				GCC_OPTIMIZATION_LEVEL = 3;
				GCC_PREPROCESSOR_DEFINITIONS = ("'CMAKE_INTDIR=\"$(CONFIGURATION)$(EFFECTIVE_PLATFORM_NAME)\"'",xlua_EXPORTS);
				GCC_SYMBOLS_PRIVATE_EXTERN = NO;
				HEADER_SEARCH_PATHS = ("/Users/shenyi/Project/UnityProject/xlua-lib","/Users/shenyi/Project/UnityProject/xlua-lib/lua-5.3.4/src","/Users/shenyi/Project/UnityProject/xlua-lib/build_osx","/Users/shenyi/Project/UnityProject/xlua-lib/lua-rapidjson/include","/Users/shenyi/Project/UnityProject/xlua-lib/lpeg","/Users/shenyi/Project/UnityProject/xlua-lib/sproto");
				INFOPLIST_FILE = "/Users/shenyi/Project/UnityProject/xlua-lib/build_osx/CMakeFiles/xlua.dir/Info.plist";
				INSTALL_PATH = "";
				LIBRARY_SEARCH_PATHS = "";
				LIBRARY_STYLE = BUNDLE;
				ONLY_ACTIVE_ARCH = NO;
				OTHER_CFLAGS = "    -DNDEBUG -fPIC  ";
				OTHER_CPLUSPLUSFLAGS = "    -DNDEBUG -fPIC  ";
				OTHER_LDFLAGS = " -bundle -Wl,-headerpad_max_install_names  -lm";
				OTHER_REZFLAGS = "";
				PRODUCT_NAME = xlua;
				SECTORDER_FLAGS = "";
				SYMROOT = "/Users/shenyi/Project/UnityProject/xlua-lib/build_osx";
				USE_HEADERMAP = NO;
				WARNING_CFLAGS = ("-Wmost","-Wno-four-char-constants","-Wno-unknown-pragmas","$(inherited)");
			};
			name = Release;
		};
		32FD20E80A4A4695B781D2B4 /* MinSizeRel */ = {
			isa = XCBuildConfiguration;
			buildSettings = {
				ARCHS = "$(ARCHS_STANDARD_32_64_BIT)";
				COMBINE_HIDPI_IMAGES = YES;
				EXECUTABLE_PREFIX = "";
				EXECUTABLE_SUFFIX = "";
				GCC_GENERATE_DEBUGGING_SYMBOLS = NO;
				GCC_INLINES_ARE_PRIVATE_EXTERN = NO;
				GCC_OPTIMIZATION_LEVEL = s;
				GCC_PREPROCESSOR_DEFINITIONS = ("'CMAKE_INTDIR=\"$(CONFIGURATION)$(EFFECTIVE_PLATFORM_NAME)\"'",xlua_EXPORTS);
				GCC_SYMBOLS_PRIVATE_EXTERN = NO;
				HEADER_SEARCH_PATHS = ("/Users/shenyi/Project/UnityProject/xlua-lib","/Users/shenyi/Project/UnityProject/xlua-lib/lua-5.3.4/src","/Users/shenyi/Project/UnityProject/xlua-lib/build_osx","/Users/shenyi/Project/UnityProject/xlua-lib/lua-rapidjson/include","/Users/shenyi/Project/UnityProject/xlua-lib/lpeg","/Users/shenyi/Project/UnityProject/xlua-lib/sproto");
				INFOPLIST_FILE = "/Users/shenyi/Project/UnityProject/xlua-lib/build_osx/CMakeFiles/xlua.dir/Info.plist";
				INSTALL_PATH = "";
				LIBRARY_SEARCH_PATHS = "";
				LIBRARY_STYLE = BUNDLE;
				ONLY_ACTIVE_ARCH = NO;
				OTHER_CFLAGS = "    -DNDEBUG -fPIC  ";
				OTHER_CPLUSPLUSFLAGS = "    -DNDEBUG -fPIC  ";
				OTHER_LDFLAGS = " -bundle -Wl,-headerpad_max_install_names  -lm";
				OTHER_REZFLAGS = "";
				PRODUCT_NAME = xlua;
				SECTORDER_FLAGS = "";
				SYMROOT = "/Users/shenyi/Project/UnityProject/xlua-lib/build_osx";
				USE_HEADERMAP = NO;
				WARNING_CFLAGS = ("-Wmost","-Wno-four-char-constants","-Wno-unknown-pragmas","$(inherited)");
			};
			name = MinSizeRel;
		};
		3A67B3A20F034622BFE4D1FA /* Release */ = {
			isa = XCBuildConfiguration;
			buildSettings = {
				COMBINE_HIDPI_IMAGES = YES;
				GCC_GENERATE_DEBUGGING_SYMBOLS = YES;
				GCC_INLINES_ARE_PRIVATE_EXTERN = NO;
				GCC_OPTIMIZATION_LEVEL = 0;
				GCC_PREPROCESSOR_DEFINITIONS = ("'CMAKE_INTDIR=\"$(CONFIGURATION)$(EFFECTIVE_PLATFORM_NAME)\"'");
				GCC_SYMBOLS_PRIVATE_EXTERN = NO;
				HEADER_SEARCH_PATHS = ("/Users/shenyi/Project/UnityProject/xlua-lib","/Users/shenyi/Project/UnityProject/xlua-lib/lua-5.3.4/src","/Users/shenyi/Project/UnityProject/xlua-lib/build_osx","/Users/shenyi/Project/UnityProject/xlua-lib/lua-rapidjson/include","/Users/shenyi/Project/UnityProject/xlua-lib/lpeg","/Users/shenyi/Project/UnityProject/xlua-lib/sproto");
				INSTALL_PATH = "";
				OTHER_LDFLAGS = " ";
				OTHER_REZFLAGS = "";
				PRODUCT_NAME = ALL_BUILD;
				SECTORDER_FLAGS = "";
				SYMROOT = "/Users/shenyi/Project/UnityProject/xlua-lib/build_osx";
				USE_HEADERMAP = NO;
				WARNING_CFLAGS = ("-Wmost","-Wno-four-char-constants","-Wno-unknown-pragmas","$(inherited)");
			};
			name = Release;
		};
		3F8B678E99C64BCBA2A48798 /* RelWithDebInfo */ = {
			isa = XCBuildConfiguration;
			buildSettings = {
				ARCHS = "$(ARCHS_STANDARD_32_64_BIT)";
				COMBINE_HIDPI_IMAGES = YES;
				EXECUTABLE_PREFIX = "";
				EXECUTABLE_SUFFIX = "";
				GCC_GENERATE_DEBUGGING_SYMBOLS = YES;
				GCC_INLINES_ARE_PRIVATE_EXTERN = NO;
				GCC_OPTIMIZATION_LEVEL = 2;
				GCC_PREPROCESSOR_DEFINITIONS = ("'CMAKE_INTDIR=\"$(CONFIGURATION)$(EFFECTIVE_PLATFORM_NAME)\"'",xlua_EXPORTS);
				GCC_SYMBOLS_PRIVATE_EXTERN = NO;
				HEADER_SEARCH_PATHS = ("/Users/shenyi/Project/UnityProject/xlua-lib","/Users/shenyi/Project/UnityProject/xlua-lib/lua-5.3.4/src","/Users/shenyi/Project/UnityProject/xlua-lib/build_osx","/Users/shenyi/Project/UnityProject/xlua-lib/lua-rapidjson/include","/Users/shenyi/Project/UnityProject/xlua-lib/lpeg","/Users/shenyi/Project/UnityProject/xlua-lib/sproto");
				INFOPLIST_FILE = "/Users/shenyi/Project/UnityProject/xlua-lib/build_osx/CMakeFiles/xlua.dir/Info.plist";
				INSTALL_PATH = "";
				LIBRARY_SEARCH_PATHS = "";
				LIBRARY_STYLE = BUNDLE;
				ONLY_ACTIVE_ARCH = NO;
				OTHER_CFLAGS = "       -DNDEBUG -fPIC  ";
				OTHER_CPLUSPLUSFLAGS = "       -DNDEBUG -fPIC  ";
				OTHER_LDFLAGS = " -bundle -Wl,-headerpad_max_install_names  -lm";
				OTHER_REZFLAGS = "";
				PRODUCT_NAME = xlua;
				SECTORDER_FLAGS = "";
				SYMROOT = "/Users/shenyi/Project/UnityProject/xlua-lib/build_osx";
				USE_HEADERMAP = NO;
				WARNING_CFLAGS = ("-Wmost","-Wno-four-char-constants","-Wno-unknown-pragmas","$(inherited)");
			};
			name = RelWithDebInfo;
		};
		408F8FC849EA4FD8B66571F3 /* Debug */ = {
			isa = XCBuildConfiguration;
			buildSettings = {
				COMBINE_HIDPI_IMAGES = YES;
				GCC_GENERATE_DEBUGGING_SYMBOLS = YES;
				GCC_INLINES_ARE_PRIVATE_EXTERN = NO;
				GCC_OPTIMIZATION_LEVEL = 0;
				GCC_PREPROCESSOR_DEFINITIONS = ("'CMAKE_INTDIR=\"$(CONFIGURATION)$(EFFECTIVE_PLATFORM_NAME)\"'");
				GCC_SYMBOLS_PRIVATE_EXTERN = NO;
				HEADER_SEARCH_PATHS = ("/Users/shenyi/Project/UnityProject/xlua-lib","/Users/shenyi/Project/UnityProject/xlua-lib/lua-5.3.4/src","/Users/shenyi/Project/UnityProject/xlua-lib/build_osx","/Users/shenyi/Project/UnityProject/xlua-lib/lua-rapidjson/include","/Users/shenyi/Project/UnityProject/xlua-lib/lpeg","/Users/shenyi/Project/UnityProject/xlua-lib/sproto");
				INSTALL_PATH = "";
				OTHER_LDFLAGS = " ";
				OTHER_REZFLAGS = "";
				PRODUCT_NAME = ZERO_CHECK;
				SECTORDER_FLAGS = "";
				SYMROOT = "/Users/shenyi/Project/UnityProject/xlua-lib/build_osx";
				USE_HEADERMAP = NO;
				WARNING_CFLAGS = ("-Wmost","-Wno-four-char-constants","-Wno-unknown-pragmas","$(inherited)");
			};
			name = Debug;
		};
		5C06A8C6A03A411894C4D808 /* MinSizeRel */ = {
			isa = XCBuildConfiguration;
			buildSettings = {
				COMBINE_HIDPI_IMAGES = YES;
				GCC_GENERATE_DEBUGGING_SYMBOLS = YES;
				GCC_INLINES_ARE_PRIVATE_EXTERN = NO;
				GCC_OPTIMIZATION_LEVEL = 0;
				GCC_PREPROCESSOR_DEFINITIONS = ("'CMAKE_INTDIR=\"$(CONFIGURATION)$(EFFECTIVE_PLATFORM_NAME)\"'");
				GCC_SYMBOLS_PRIVATE_EXTERN = NO;
				HEADER_SEARCH_PATHS = ("/Users/shenyi/Project/UnityProject/xlua-lib","/Users/shenyi/Project/UnityProject/xlua-lib/lua-5.3.4/src","/Users/shenyi/Project/UnityProject/xlua-lib/build_osx","/Users/shenyi/Project/UnityProject/xlua-lib/lua-rapidjson/include","/Users/shenyi/Project/UnityProject/xlua-lib/lpeg","/Users/shenyi/Project/UnityProject/xlua-lib/sproto");
				INSTALL_PATH = "";
				OTHER_LDFLAGS = " ";
				OTHER_REZFLAGS = "";
				PRODUCT_NAME = ALL_BUILD;
				SECTORDER_FLAGS = "";
				SYMROOT = "/Users/shenyi/Project/UnityProject/xlua-lib/build_osx";
				USE_HEADERMAP = NO;
				WARNING_CFLAGS = ("-Wmost","-Wno-four-char-constants","-Wno-unknown-pragmas","$(inherited)");
			};
			name = MinSizeRel;
		};
		6BA7C1BF99A745F1AFFFDF86 /* Release */ = {
			isa = XCBuildConfiguration;
			buildSettings = {
				ARCHS = "$(ARCHS_STANDARD_32_64_BIT)";
				SDKROOT = /Applications/Xcode.app/Contents/Developer/Platforms/MacOSX.platform/Developer/SDKs/MacOSX10.13.sdk;
				SYMROOT = "/Users/shenyi/Project/UnityProject/xlua-lib/build_osx/build";
			};
			name = Release;
		};
		8EC1513F685B4F6B910B4FA9 /* Debug */ = {
			isa = XCBuildConfiguration;
			buildSettings = {
				ARCHS = "$(ARCHS_STANDARD_32_64_BIT)";
				SDKROOT = /Applications/Xcode.app/Contents/Developer/Platforms/MacOSX.platform/Developer/SDKs/MacOSX10.13.sdk;
				SYMROOT = "/Users/shenyi/Project/UnityProject/xlua-lib/build_osx/build";
			};
			name = Debug;
		};
		9D60CEE86489491AAFDC3E43 /* RelWithDebInfo */ = {
			isa = XCBuildConfiguration;
			buildSettings = {
				ARCHS = "$(ARCHS_STANDARD_32_64_BIT)";
				SDKROOT = /Applications/Xcode.app/Contents/Developer/Platforms/MacOSX.platform/Developer/SDKs/MacOSX10.13.sdk;
				SYMROOT = "/Users/shenyi/Project/UnityProject/xlua-lib/build_osx/build";
			};
			name = RelWithDebInfo;
		};
		AF8B3D8B79BA4C99AB0E74F9 /* RelWithDebInfo */ = {
			isa = XCBuildConfiguration;
			buildSettings = {
				COMBINE_HIDPI_IMAGES = YES;
				GCC_GENERATE_DEBUGGING_SYMBOLS = YES;
				GCC_INLINES_ARE_PRIVATE_EXTERN = NO;
				GCC_OPTIMIZATION_LEVEL = 0;
				GCC_PREPROCESSOR_DEFINITIONS = ("'CMAKE_INTDIR=\"$(CONFIGURATION)$(EFFECTIVE_PLATFORM_NAME)\"'");
				GCC_SYMBOLS_PRIVATE_EXTERN = NO;
				HEADER_SEARCH_PATHS = ("/Users/shenyi/Project/UnityProject/xlua-lib","/Users/shenyi/Project/UnityProject/xlua-lib/lua-5.3.4/src","/Users/shenyi/Project/UnityProject/xlua-lib/build_osx","/Users/shenyi/Project/UnityProject/xlua-lib/lua-rapidjson/include","/Users/shenyi/Project/UnityProject/xlua-lib/lpeg","/Users/shenyi/Project/UnityProject/xlua-lib/sproto");
				INSTALL_PATH = "";
				OTHER_LDFLAGS = " ";
				OTHER_REZFLAGS = "";
				PRODUCT_NAME = ALL_BUILD;
				SECTORDER_FLAGS = "";
				SYMROOT = "/Users/shenyi/Project/UnityProject/xlua-lib/build_osx";
				USE_HEADERMAP = NO;
				WARNING_CFLAGS = ("-Wmost","-Wno-four-char-constants","-Wno-unknown-pragmas","$(inherited)");
			};
			name = RelWithDebInfo;
		};
		C0C8E7B2B5D64AB2941BB25D /* Debug */ = {
			isa = XCBuildConfiguration;
			buildSettings = {
				ARCHS = "$(ARCHS_STANDARD_32_64_BIT)";
				COMBINE_HIDPI_IMAGES = YES;
				EXECUTABLE_PREFIX = "";
				EXECUTABLE_SUFFIX = "";
				GCC_GENERATE_DEBUGGING_SYMBOLS = YES;
				GCC_INLINES_ARE_PRIVATE_EXTERN = NO;
				GCC_OPTIMIZATION_LEVEL = 0;
				GCC_PREPROCESSOR_DEFINITIONS = ("'CMAKE_INTDIR=\"$(CONFIGURATION)$(EFFECTIVE_PLATFORM_NAME)\"'",xlua_EXPORTS);
				GCC_SYMBOLS_PRIVATE_EXTERN = NO;
				HEADER_SEARCH_PATHS = ("/Users/shenyi/Project/UnityProject/xlua-lib","/Users/shenyi/Project/UnityProject/xlua-lib/lua-5.3.4/src","/Users/shenyi/Project/UnityProject/xlua-lib/build_osx","/Users/shenyi/Project/UnityProject/xlua-lib/lua-rapidjson/include","/Users/shenyi/Project/UnityProject/xlua-lib/lpeg","/Users/shenyi/Project/UnityProject/xlua-lib/sproto");
				INFOPLIST_FILE = "/Users/shenyi/Project/UnityProject/xlua-lib/build_osx/CMakeFiles/xlua.dir/Info.plist";
				INSTALL_PATH = "";
				LIBRARY_SEARCH_PATHS = "";
				LIBRARY_STYLE = BUNDLE;
				ONLY_ACTIVE_ARCH = NO;
				OTHER_CFLAGS = "   -fPIC  ";
				OTHER_CPLUSPLUSFLAGS = "   -fPIC  ";
				OTHER_LDFLAGS = " -bundle -Wl,-headerpad_max_install_names  -lm";
				OTHER_REZFLAGS = "";
				PRODUCT_NAME = xlua;
				SECTORDER_FLAGS = "";
				SYMROOT = "/Users/shenyi/Project/UnityProject/xlua-lib/build_osx";
				USE_HEADERMAP = NO;
				WARNING_CFLAGS = ("-Wmost","-Wno-four-char-constants","-Wno-unknown-pragmas","$(inherited)");
			};
			name = Debug;
		};
		D37CA11DD27740729D6A6F24 /* RelWithDebInfo */ = {
			isa = XCBuildConfiguration;
			buildSettings = {
				COMBINE_HIDPI_IMAGES = YES;
				GCC_GENERATE_DEBUGGING_SYMBOLS = YES;
				GCC_INLINES_ARE_PRIVATE_EXTERN = NO;
				GCC_OPTIMIZATION_LEVEL = 0;
				GCC_PREPROCESSOR_DEFINITIONS = ("'CMAKE_INTDIR=\"$(CONFIGURATION)$(EFFECTIVE_PLATFORM_NAME)\"'");
				GCC_SYMBOLS_PRIVATE_EXTERN = NO;
				HEADER_SEARCH_PATHS = ("/Users/shenyi/Project/UnityProject/xlua-lib","/Users/shenyi/Project/UnityProject/xlua-lib/lua-5.3.4/src","/Users/shenyi/Project/UnityProject/xlua-lib/build_osx","/Users/shenyi/Project/UnityProject/xlua-lib/lua-rapidjson/include","/Users/shenyi/Project/UnityProject/xlua-lib/lpeg","/Users/shenyi/Project/UnityProject/xlua-lib/sproto");
				INSTALL_PATH = "";
				OTHER_LDFLAGS = " ";
				OTHER_REZFLAGS = "";
				PRODUCT_NAME = ZERO_CHECK;
				SECTORDER_FLAGS = "";
				SYMROOT = "/Users/shenyi/Project/UnityProject/xlua-lib/build_osx";
				USE_HEADERMAP = NO;
				WARNING_CFLAGS = ("-Wmost","-Wno-four-char-constants","-Wno-unknown-pragmas","$(inherited)");
			};
			name = RelWithDebInfo;
		};
		DAD7F6D5264D49B29DBFE804 /* MinSizeRel */ = {
			isa = XCBuildConfiguration;
			buildSettings = {
				COMBINE_HIDPI_IMAGES = YES;
				GCC_GENERATE_DEBUGGING_SYMBOLS = YES;
				GCC_INLINES_ARE_PRIVATE_EXTERN = NO;
				GCC_OPTIMIZATION_LEVEL = 0;
				GCC_PREPROCESSOR_DEFINITIONS = ("'CMAKE_INTDIR=\"$(CONFIGURATION)$(EFFECTIVE_PLATFORM_NAME)\"'");
				GCC_SYMBOLS_PRIVATE_EXTERN = NO;
				HEADER_SEARCH_PATHS = ("/Users/shenyi/Project/UnityProject/xlua-lib","/Users/shenyi/Project/UnityProject/xlua-lib/lua-5.3.4/src","/Users/shenyi/Project/UnityProject/xlua-lib/build_osx","/Users/shenyi/Project/UnityProject/xlua-lib/lua-rapidjson/include","/Users/shenyi/Project/UnityProject/xlua-lib/lpeg","/Users/shenyi/Project/UnityProject/xlua-lib/sproto");
				INSTALL_PATH = "";
				OTHER_LDFLAGS = " ";
				OTHER_REZFLAGS = "";
				PRODUCT_NAME = ZERO_CHECK;
				SECTORDER_FLAGS = "";
				SYMROOT = "/Users/shenyi/Project/UnityProject/xlua-lib/build_osx";
				USE_HEADERMAP = NO;
				WARNING_CFLAGS = ("-Wmost","-Wno-four-char-constants","-Wno-unknown-pragmas","$(inherited)");
			};
			name = MinSizeRel;
		};
		E0E74C3499CE4C158751FA31 /* Debug */ = {
			isa = XCBuildConfiguration;
			buildSettings = {
				COMBINE_HIDPI_IMAGES = YES;
				GCC_GENERATE_DEBUGGING_SYMBOLS = YES;
				GCC_INLINES_ARE_PRIVATE_EXTERN = NO;
				GCC_OPTIMIZATION_LEVEL = 0;
				GCC_PREPROCESSOR_DEFINITIONS = ("'CMAKE_INTDIR=\"$(CONFIGURATION)$(EFFECTIVE_PLATFORM_NAME)\"'");
				GCC_SYMBOLS_PRIVATE_EXTERN = NO;
				HEADER_SEARCH_PATHS = ("/Users/shenyi/Project/UnityProject/xlua-lib","/Users/shenyi/Project/UnityProject/xlua-lib/lua-5.3.4/src","/Users/shenyi/Project/UnityProject/xlua-lib/build_osx","/Users/shenyi/Project/UnityProject/xlua-lib/lua-rapidjson/include","/Users/shenyi/Project/UnityProject/xlua-lib/lpeg","/Users/shenyi/Project/UnityProject/xlua-lib/sproto");
				INSTALL_PATH = "";
				OTHER_LDFLAGS = " ";
				OTHER_REZFLAGS = "";
				PRODUCT_NAME = ALL_BUILD;
				SECTORDER_FLAGS = "";
				SYMROOT = "/Users/shenyi/Project/UnityProject/xlua-lib/build_osx";
				USE_HEADERMAP = NO;
				WARNING_CFLAGS = ("-Wmost","-Wno-four-char-constants","-Wno-unknown-pragmas","$(inherited)");
			};
			name = Debug;
		};
		F2F34ED9AE4340D79327803D /* MinSizeRel */ = {
			isa = XCBuildConfiguration;
			buildSettings = {
				ARCHS = "$(ARCHS_STANDARD_32_64_BIT)";
				SDKROOT = /Applications/Xcode.app/Contents/Developer/Platforms/MacOSX.platform/Developer/SDKs/MacOSX10.13.sdk;
				SYMROOT = "/Users/shenyi/Project/UnityProject/xlua-lib/build_osx/build";
			};
			name = MinSizeRel;
		};
/* End XCBuildConfiguration section */

/* Begin XCConfigurationList section */
		21DA6C5581044A8C923A30CF /* Build configuration list for PBXAggregateTarget "ALL_BUILD" */ = {
			isa = XCConfigurationList;
			buildConfigurations = (
				E0E74C3499CE4C158751FA31 /* Debug */,
				3A67B3A20F034622BFE4D1FA /* Release */,
				5C06A8C6A03A411894C4D808 /* MinSizeRel */,
				AF8B3D8B79BA4C99AB0E74F9 /* RelWithDebInfo */,
			);
			defaultConfigurationIsVisible = 0;
			defaultConfigurationName = Debug;
		};
		379FB9B4FAE641B8AA183019 /* Build configuration list for PBXProject "XLua" */ = {
			isa = XCConfigurationList;
			buildConfigurations = (
				8EC1513F685B4F6B910B4FA9 /* Debug */,
				6BA7C1BF99A745F1AFFFDF86 /* Release */,
				F2F34ED9AE4340D79327803D /* MinSizeRel */,
				9D60CEE86489491AAFDC3E43 /* RelWithDebInfo */,
			);
			defaultConfigurationIsVisible = 0;
			defaultConfigurationName = Debug;
		};
		ACB8F2DB8D8F436BB5378C46 /* Build configuration list for PBXNativeTarget "xlua" */ = {
			isa = XCConfigurationList;
			buildConfigurations = (
				C0C8E7B2B5D64AB2941BB25D /* Debug */,
				2D29AA9E71E9431DA40393AD /* Release */,
				32FD20E80A4A4695B781D2B4 /* MinSizeRel */,
				3F8B678E99C64BCBA2A48798 /* RelWithDebInfo */,
			);
			defaultConfigurationIsVisible = 0;
			defaultConfigurationName = Debug;
		};
		CC12585F67244137A7DF194A /* Build configuration list for PBXAggregateTarget "ZERO_CHECK" */ = {
			isa = XCConfigurationList;
			buildConfigurations = (
				408F8FC849EA4FD8B66571F3 /* Debug */,
				141DF25954964F1796EB609A /* Release */,
				DAD7F6D5264D49B29DBFE804 /* MinSizeRel */,
				D37CA11DD27740729D6A6F24 /* RelWithDebInfo */,
			);
			defaultConfigurationIsVisible = 0;
			defaultConfigurationName = Debug;
		};
/* End XCConfigurationList section */
	};
	rootObject = 57D486AACD1349C4B421D37E /* Project object */;
}
