// !$*UTF8*$!
{
	archiveVersion = 1;
	classes = {
	};
	objectVersion = 46;
	objects = {

/* Begin PBXAggregateTarget section */
		37A2EAEB5B07406BBA8B3408 /* ZERO_CHECK */ = {
			isa = PBXAggregateTarget;
			buildConfigurationList = 8E56EC698F504D8E8534B61E /* Build configuration list for PBXAggregateTarget "ZERO_CHECK" */;
			buildPhases = (
				E0351DBF1CA54D3DA000099C /* CMake Rules */,
			);
			dependencies = (
			);
			name = ZERO_CHECK;
			productName = ZERO_CHECK;
		};
		58876C6F2BA74AC8984E0B0B /* ALL_BUILD */ = {
			isa = PBXAggregateTarget;
			buildConfigurationList = 3434A5E61DFA4547816EF824 /* Build configuration list for PBXAggregateTarget "ALL_BUILD" */;
			buildPhases = (
				87B9A14EE5F54572ACAE1B55 /* CMake Rules */,
			);
			dependencies = (
				4E86D7EA364542A5886A015A /* PBXTargetDependency */,
				96AB5A781C594ABE929B6BA8 /* PBXTargetDependency */,
			);
			name = ALL_BUILD;
			productName = ALL_BUILD;
		};
/* End PBXAggregateTarget section */

/* Begin PBXBuildFile section */
		0B8B6A15FB4D4FBCAFF84099 /* /Users/shenyi/Project/UnityProject/xlua-lib/lpeg/lptree.c */ = {isa = PBXBuildFile; fileRef = D18E818415144BCDAF805635 /* /Users/shenyi/Project/UnityProject/xlua-lib/lpeg/lptree.c */; settings = {COMPILER_FLAGS = "-DLUA_LIB "; }; };
		125CF34D17B545618F48B2C0 /* /Users/shenyi/Project/UnityProject/xlua-lib/xlua.c */ = {isa = PBXBuildFile; fileRef = CD013FB2131446FDA3DD4AE9 /* /Users/shenyi/Project/UnityProject/xlua-lib/xlua.c */; settings = {COMPILER_FLAGS = "-DUSING_LUAJIT "; }; };
		27FADB4DCC9F450A9FB7B228 /* /Users/shenyi/Project/UnityProject/xlua-lib/build_lj_ios/CMakeFiles/xlua.dir/Info.plist */ = {isa = PBXBuildFile; fileRef = E4E71431EF9145748D47615A /* /Users/shenyi/Project/UnityProject/xlua-lib/build_lj_ios/CMakeFiles/xlua.dir/Info.plist */; };
		2C04B32ADDFC4EEABDE486EE /* /Users/shenyi/Project/UnityProject/xlua-lib/luasocket/io.c */ = {isa = PBXBuildFile; fileRef = 058053CF4AF24EBCB559B3CC /* /Users/shenyi/Project/UnityProject/xlua-lib/luasocket/io.c */; settings = {COMPILER_FLAGS = "-DLUA_COMPAT_APIINTCASTS -DLUA_LIB -D_CRT_SECURE_NO_WARNINGS -D_WINSOCK_DEPRECATED_NO_WARNINGS "; }; };
		3E5836D4154F4DF08CB83404 /* /Users/shenyi/Project/UnityProject/xlua-lib/i64lib.c */ = {isa = PBXBuildFile; fileRef = AD1D484038514C798EC759DC /* /Users/shenyi/Project/UnityProject/xlua-lib/i64lib.c */; };
		41CA84F6DB054DD2AF4CE9EE /* /Users/shenyi/Project/UnityProject/xlua-lib/sproto/lsproto.c */ = {isa = PBXBuildFile; fileRef = 203ED3DE499146709FEFFF7F /* /Users/shenyi/Project/UnityProject/xlua-lib/sproto/lsproto.c */; settings = {COMPILER_FLAGS = "-DLUA_LIB "; }; };
		511641B6AA8E452CB46EB8D3 /* /Users/shenyi/Project/UnityProject/xlua-lib/luasocket/except.c */ = {isa = PBXBuildFile; fileRef = D59AF02ECF9C43FDAAF2A1B4 /* /Users/shenyi/Project/UnityProject/xlua-lib/luasocket/except.c */; settings = {COMPILER_FLAGS = "-DLUA_COMPAT_APIINTCASTS -DLUA_LIB -D_CRT_SECURE_NO_WARNINGS -D_WINSOCK_DEPRECATED_NO_WARNINGS "; }; };
		6265AF26C127483993669BDB /* /Users/shenyi/Project/UnityProject/xlua-lib/sproto/sproto.c */ = {isa = PBXBuildFile; fileRef = E5B52EC782284516BD9B010E /* /Users/shenyi/Project/UnityProject/xlua-lib/sproto/sproto.c */; settings = {COMPILER_FLAGS = "-DLUA_LIB "; }; };
		76B3059A06FC4667926BB5CE /* /Users/shenyi/Project/UnityProject/xlua-lib/lua-rapidjson/source/rapidjson.cpp */ = {isa = PBXBuildFile; fileRef = 7D331C150AFE4F21854155E1 /* /Users/shenyi/Project/UnityProject/xlua-lib/lua-rapidjson/source/rapidjson.cpp */; settings = {COMPILER_FLAGS = "-DLUA_LIB "; }; };
		7C877EE3836743FAA28AE108 /* /Users/shenyi/Project/UnityProject/xlua-lib/perflib.c */ = {isa = PBXBuildFile; fileRef = B5F76ABAD035484B903CA916 /* /Users/shenyi/Project/UnityProject/xlua-lib/perflib.c */; };
		802BD0F57E994A8E8B0CCD31 /* /Users/shenyi/Project/UnityProject/xlua-lib/lpeg/lpprint.c */ = {isa = PBXBuildFile; fileRef = 370F496A0D414D5B86BFB7FF /* /Users/shenyi/Project/UnityProject/xlua-lib/lpeg/lpprint.c */; settings = {COMPILER_FLAGS = "-DLUA_LIB "; }; };
		81D561486F8D49C89016216E /* /Users/shenyi/Project/UnityProject/xlua-lib/luasocket/usocket.c */ = {isa = PBXBuildFile; fileRef = BCD3A22F94C341349AF77E72 /* /Users/shenyi/Project/UnityProject/xlua-lib/luasocket/usocket.c */; settings = {COMPILER_FLAGS = "-DLUA_COMPAT_APIINTCASTS -DLUA_LIB -D_CRT_SECURE_NO_WARNINGS -D_WINSOCK_DEPRECATED_NO_WARNINGS "; }; };
		8417507D9A0249F89FD777F8 /* /Users/shenyi/Project/UnityProject/xlua-lib/luasocket/auxiliar.c */ = {isa = PBXBuildFile; fileRef = 5893583982C24F02961C180C /* /Users/shenyi/Project/UnityProject/xlua-lib/luasocket/auxiliar.c */; settings = {COMPILER_FLAGS = "-DLUA_COMPAT_APIINTCASTS -DLUA_LIB -D_CRT_SECURE_NO_WARNINGS -D_WINSOCK_DEPRECATED_NO_WARNINGS "; }; };
		87617010728E40699B5A7924 /* /Users/shenyi/Project/UnityProject/xlua-lib/luasocket/buffer.c */ = {isa = PBXBuildFile; fileRef = 9585A6BAACA444EDBB2568F2 /* /Users/shenyi/Project/UnityProject/xlua-lib/luasocket/buffer.c */; settings = {COMPILER_FLAGS = "-DLUA_COMPAT_APIINTCASTS -DLUA_LIB -D_CRT_SECURE_NO_WARNINGS -D_WINSOCK_DEPRECATED_NO_WARNINGS "; }; };
		8F667BFB08EC4115A60BE1EF /* /Users/shenyi/Project/UnityProject/xlua-lib/CMakeLists.txt */ = {isa = PBXBuildFile; fileRef = 94BAFC3D73D54893A6F5BA47 /* /Users/shenyi/Project/UnityProject/xlua-lib/CMakeLists.txt */; };
		A032959445C148FAAAAE77ED /* /Users/shenyi/Project/UnityProject/xlua-lib/luasocket/inet.c */ = {isa = PBXBuildFile; fileRef = AFBBE9D37CC7492A8FE5BF57 /* /Users/shenyi/Project/UnityProject/xlua-lib/luasocket/inet.c */; settings = {COMPILER_FLAGS = "-DLUA_COMPAT_APIINTCASTS -DLUA_LIB -D_CRT_SECURE_NO_WARNINGS -D_WINSOCK_DEPRECATED_NO_WARNINGS "; }; };
		A63017742A9C455DB416AF99 /* /Users/shenyi/Project/UnityProject/xlua-lib/lpeg/lpcode.c */ = {isa = PBXBuildFile; fileRef = AAB0CA5EC31A47A198B49CB2 /* /Users/shenyi/Project/UnityProject/xlua-lib/lpeg/lpcode.c */; settings = {COMPILER_FLAGS = "-DLUA_LIB "; }; };
		A9AF08001CA74AC7AF731F66 /* /Users/shenyi/Project/UnityProject/xlua-lib/luasocket/select.c */ = {isa = PBXBuildFile; fileRef = 761620F772B54F32825E58FE /* /Users/shenyi/Project/UnityProject/xlua-lib/luasocket/select.c */; settings = {COMPILER_FLAGS = "-DLUA_COMPAT_APIINTCASTS -DLUA_LIB -D_CRT_SECURE_NO_WARNINGS -D_WINSOCK_DEPRECATED_NO_WARNINGS "; }; };
		ACBB1D98D4B4455E8C8EE72D /* /Users/shenyi/Project/UnityProject/xlua-lib/luasocket/mime.c */ = {isa = PBXBuildFile; fileRef = EA921AF8254B4561AAF4C023 /* /Users/shenyi/Project/UnityProject/xlua-lib/luasocket/mime.c */; settings = {COMPILER_FLAGS = "-DLUA_COMPAT_APIINTCASTS -DLUA_LIB -D_CRT_SECURE_NO_WARNINGS -D_WINSOCK_DEPRECATED_NO_WARNINGS "; }; };
		B5A240574BB345CB974DA3F1 /* /Users/shenyi/Project/UnityProject/xlua-lib/luasocket/options.c */ = {isa = PBXBuildFile; fileRef = 745A68A9A56840E5B4635782 /* /Users/shenyi/Project/UnityProject/xlua-lib/luasocket/options.c */; settings = {COMPILER_FLAGS = "-DLUA_COMPAT_APIINTCASTS -DLUA_LIB -D_CRT_SECURE_NO_WARNINGS -D_WINSOCK_DEPRECATED_NO_WARNINGS "; }; };
		B6FA0C0F8FA04E90A78DE562 /* /Users/shenyi/Project/UnityProject/xlua-lib/luasocket/luasocket.c */ = {isa = PBXBuildFile; fileRef = 1081E24BE6C0466093F22E1F /* /Users/shenyi/Project/UnityProject/xlua-lib/luasocket/luasocket.c */; settings = {COMPILER_FLAGS = "-DLUA_COMPAT_APIINTCASTS -DLUA_LIB -D_CRT_SECURE_NO_WARNINGS -D_WINSOCK_DEPRECATED_NO_WARNINGS "; }; };
		B96EE9949647480EA525983B /* /Users/shenyi/Project/UnityProject/xlua-lib/lpeg/lpvm.c */ = {isa = PBXBuildFile; fileRef = 9C808DBEED304BBA9ACD22A4 /* /Users/shenyi/Project/UnityProject/xlua-lib/lpeg/lpvm.c */; settings = {COMPILER_FLAGS = "-DLUA_LIB "; }; };
		BC7503F19D464335967DB7EC /* /Users/shenyi/Project/UnityProject/xlua-lib/luasocket/udp.c */ = {isa = PBXBuildFile; fileRef = EE0871D8F51845B8B82602F5 /* /Users/shenyi/Project/UnityProject/xlua-lib/luasocket/udp.c */; settings = {COMPILER_FLAGS = "-DLUA_COMPAT_APIINTCASTS -DLUA_LIB -D_CRT_SECURE_NO_WARNINGS -D_WINSOCK_DEPRECATED_NO_WARNINGS "; }; };
		CEF9FE44B5D4401193E90C1A /* /Users/shenyi/Project/UnityProject/xlua-lib/luasocket/tcp.c */ = {isa = PBXBuildFile; fileRef = 0A65BF5F4ED44AB780AFB415 /* /Users/shenyi/Project/UnityProject/xlua-lib/luasocket/tcp.c */; settings = {COMPILER_FLAGS = "-DLUA_COMPAT_APIINTCASTS -DLUA_LIB -D_CRT_SECURE_NO_WARNINGS -D_WINSOCK_DEPRECATED_NO_WARNINGS "; }; };
		D487DE6F006B49BF81AE5463 /* /Users/shenyi/Project/UnityProject/xlua-lib/luasocket/timeout.c */ = {isa = PBXBuildFile; fileRef = F181B58543364E78BF23CB13 /* /Users/shenyi/Project/UnityProject/xlua-lib/luasocket/timeout.c */; settings = {COMPILER_FLAGS = "-DLUA_COMPAT_APIINTCASTS -DLUA_LIB -D_CRT_SECURE_NO_WARNINGS -D_WINSOCK_DEPRECATED_NO_WARNINGS "; }; };
		EF59AD5B3A264A3C88F8C1B3 /* /Users/shenyi/Project/UnityProject/xlua-lib/lpeg/lpcap.c */ = {isa = PBXBuildFile; fileRef = 4BCC2EC3F16A4B91B218F67C /* /Users/shenyi/Project/UnityProject/xlua-lib/lpeg/lpcap.c */; settings = {COMPILER_FLAGS = "-DLUA_LIB "; }; };
/* End PBXBuildFile section */

/* Begin PBXBuildStyle section */
		28A9C85BA1F74CBAAF0199D4 /* Debug */ = {
			isa = PBXBuildStyle;
			buildSettings = {
				COPY_PHASE_STRIP = NO;
			};
			name = Debug;
		};
		51FA1E1D9D924305BFB5940E /* Release */ = {
			isa = PBXBuildStyle;
			buildSettings = {
				COPY_PHASE_STRIP = NO;
			};
			name = Release;
		};
		B7932B3CF22E454090FCD209 /* RelWithDebInfo */ = {
			isa = PBXBuildStyle;
			buildSettings = {
				COPY_PHASE_STRIP = NO;
			};
			name = RelWithDebInfo;
		};
		D4121BD1896C48B1BB939594 /* MinSizeRel */ = {
			isa = PBXBuildStyle;
			buildSettings = {
				COPY_PHASE_STRIP = NO;
			};
			name = MinSizeRel;
		};
/* End PBXBuildStyle section */

/* Begin PBXContainerItemProxy section */
		5015DC4164DA49A696C6EE40 /* PBXContainerItemProxy */ = {
			isa = PBXContainerItemProxy;
			containerPortal = A579D52CFFA74EADBE39EC32 /* Project object */;
			proxyType = 1;
			remoteGlobalIDString = 37A2EAEB5B07406BBA8B3408;
			remoteInfo = ZERO_CHECK;
		};
		5A8D72FACF074FA4BEC619FA /* PBXContainerItemProxy */ = {
			isa = PBXContainerItemProxy;
			containerPortal = A579D52CFFA74EADBE39EC32 /* Project object */;
			proxyType = 1;
			remoteGlobalIDString = 37A2EAEB5B07406BBA8B3408;
			remoteInfo = ZERO_CHECK;
		};
		AA35ACF41C20401297CB531D /* PBXContainerItemProxy */ = {
			isa = PBXContainerItemProxy;
			containerPortal = A579D52CFFA74EADBE39EC32 /* Project object */;
			proxyType = 1;
			remoteGlobalIDString = B66911A8EDB345868A02F21D;
			remoteInfo = xlua;
		};
/* End PBXContainerItemProxy section */

/* Begin PBXFileReference section */
		058053CF4AF24EBCB559B3CC /* /Users/shenyi/Project/UnityProject/xlua-lib/luasocket/io.c */ = {isa = PBXFileReference; explicitFileType = sourcecode.c.c; fileEncoding = 4; name = io.c; path = luasocket/io.c; sourceTree = SOURCE_ROOT; };
		0A65BF5F4ED44AB780AFB415 /* /Users/shenyi/Project/UnityProject/xlua-lib/luasocket/tcp.c */ = {isa = PBXFileReference; explicitFileType = sourcecode.c.c; fileEncoding = 4; name = tcp.c; path = luasocket/tcp.c; sourceTree = SOURCE_ROOT; };
		1081E24BE6C0466093F22E1F /* /Users/shenyi/Project/UnityProject/xlua-lib/luasocket/luasocket.c */ = {isa = PBXFileReference; explicitFileType = sourcecode.c.c; fileEncoding = 4; name = luasocket.c; path = luasocket/luasocket.c; sourceTree = SOURCE_ROOT; };
		1F09A76E1F9A4825AF2E19A5 /* xlua */ = {isa = PBXFileReference; explicitFileType = archive.ar; path = libxlua.a; sourceTree = BUILT_PRODUCTS_DIR; };
		203ED3DE499146709FEFFF7F /* /Users/shenyi/Project/UnityProject/xlua-lib/sproto/lsproto.c */ = {isa = PBXFileReference; explicitFileType = sourcecode.c.c; fileEncoding = 4; name = lsproto.c; path = sproto/lsproto.c; sourceTree = SOURCE_ROOT; };
		370F496A0D414D5B86BFB7FF /* /Users/shenyi/Project/UnityProject/xlua-lib/lpeg/lpprint.c */ = {isa = PBXFileReference; explicitFileType = sourcecode.c.c; fileEncoding = 4; name = lpprint.c; path = lpeg/lpprint.c; sourceTree = SOURCE_ROOT; };
		4BCC2EC3F16A4B91B218F67C /* /Users/shenyi/Project/UnityProject/xlua-lib/lpeg/lpcap.c */ = {isa = PBXFileReference; explicitFileType = sourcecode.c.c; fileEncoding = 4; name = lpcap.c; path = lpeg/lpcap.c; sourceTree = SOURCE_ROOT; };
		5893583982C24F02961C180C /* /Users/shenyi/Project/UnityProject/xlua-lib/luasocket/auxiliar.c */ = {isa = PBXFileReference; explicitFileType = sourcecode.c.c; fileEncoding = 4; name = auxiliar.c; path = luasocket/auxiliar.c; sourceTree = SOURCE_ROOT; };
		745A68A9A56840E5B4635782 /* /Users/shenyi/Project/UnityProject/xlua-lib/luasocket/options.c */ = {isa = PBXFileReference; explicitFileType = sourcecode.c.c; fileEncoding = 4; name = options.c; path = luasocket/options.c; sourceTree = SOURCE_ROOT; };
		761620F772B54F32825E58FE /* /Users/shenyi/Project/UnityProject/xlua-lib/luasocket/select.c */ = {isa = PBXFileReference; explicitFileType = sourcecode.c.c; fileEncoding = 4; name = select.c; path = luasocket/select.c; sourceTree = SOURCE_ROOT; };
		7D331C150AFE4F21854155E1 /* /Users/shenyi/Project/UnityProject/xlua-lib/lua-rapidjson/source/rapidjson.cpp */ = {isa = PBXFileReference; explicitFileType = sourcecode.cpp.cpp; fileEncoding = 4; name = rapidjson.cpp; path = "lua-rapidjson/source/rapidjson.cpp"; sourceTree = SOURCE_ROOT; };
		891292CDF0114A8DBD7985EA /* /Users/shenyi/Project/UnityProject/xlua-lib/CMakeLists.txt */ = {isa = PBXFileReference; explicitFileType = sourcecode.text; fileEncoding = 4; name = CMakeLists.txt; path = CMakeLists.txt; sourceTree = SOURCE_ROOT; };
		94BAFC3D73D54893A6F5BA47 /* /Users/shenyi/Project/UnityProject/xlua-lib/CMakeLists.txt */ = {isa = PBXFileReference; explicitFileType = sourcecode.text; fileEncoding = 4; name = CMakeLists.txt; path = CMakeLists.txt; sourceTree = SOURCE_ROOT; };
		9585A6BAACA444EDBB2568F2 /* /Users/shenyi/Project/UnityProject/xlua-lib/luasocket/buffer.c */ = {isa = PBXFileReference; explicitFileType = sourcecode.c.c; fileEncoding = 4; name = buffer.c; path = luasocket/buffer.c; sourceTree = SOURCE_ROOT; };
		9C808DBEED304BBA9ACD22A4 /* /Users/shenyi/Project/UnityProject/xlua-lib/lpeg/lpvm.c */ = {isa = PBXFileReference; explicitFileType = sourcecode.c.c; fileEncoding = 4; name = lpvm.c; path = lpeg/lpvm.c; sourceTree = SOURCE_ROOT; };
		AAB0CA5EC31A47A198B49CB2 /* /Users/shenyi/Project/UnityProject/xlua-lib/lpeg/lpcode.c */ = {isa = PBXFileReference; explicitFileType = sourcecode.c.c; fileEncoding = 4; name = lpcode.c; path = lpeg/lpcode.c; sourceTree = SOURCE_ROOT; };
		AD1D484038514C798EC759DC /* /Users/shenyi/Project/UnityProject/xlua-lib/i64lib.c */ = {isa = PBXFileReference; explicitFileType = sourcecode.c.c; fileEncoding = 4; name = i64lib.c; path = i64lib.c; sourceTree = SOURCE_ROOT; };
		AFBBE9D37CC7492A8FE5BF57 /* /Users/shenyi/Project/UnityProject/xlua-lib/luasocket/inet.c */ = {isa = PBXFileReference; explicitFileType = sourcecode.c.c; fileEncoding = 4; name = inet.c; path = luasocket/inet.c; sourceTree = SOURCE_ROOT; };
		B5F76ABAD035484B903CA916 /* /Users/shenyi/Project/UnityProject/xlua-lib/perflib.c */ = {isa = PBXFileReference; explicitFileType = sourcecode.c.c; fileEncoding = 4; name = perflib.c; path = perflib.c; sourceTree = SOURCE_ROOT; };
		BCD3A22F94C341349AF77E72 /* /Users/shenyi/Project/UnityProject/xlua-lib/luasocket/usocket.c */ = {isa = PBXFileReference; explicitFileType = sourcecode.c.c; fileEncoding = 4; name = usocket.c; path = luasocket/usocket.c; sourceTree = SOURCE_ROOT; };
		C19EAB330EE74208AAE5761D /* /Users/shenyi/Project/UnityProject/xlua-lib/CMakeLists.txt */ = {isa = PBXFileReference; explicitFileType = sourcecode.text; fileEncoding = 4; name = CMakeLists.txt; path = CMakeLists.txt; sourceTree = SOURCE_ROOT; };
		CD013FB2131446FDA3DD4AE9 /* /Users/shenyi/Project/UnityProject/xlua-lib/xlua.c */ = {isa = PBXFileReference; explicitFileType = sourcecode.c.c; fileEncoding = 4; name = xlua.c; path = xlua.c; sourceTree = SOURCE_ROOT; };
		D18E818415144BCDAF805635 /* /Users/shenyi/Project/UnityProject/xlua-lib/lpeg/lptree.c */ = {isa = PBXFileReference; explicitFileType = sourcecode.c.c; fileEncoding = 4; name = lptree.c; path = lpeg/lptree.c; sourceTree = SOURCE_ROOT; };
		D59AF02ECF9C43FDAAF2A1B4 /* /Users/shenyi/Project/UnityProject/xlua-lib/luasocket/except.c */ = {isa = PBXFileReference; explicitFileType = sourcecode.c.c; fileEncoding = 4; name = except.c; path = luasocket/except.c; sourceTree = SOURCE_ROOT; };
		E4E71431EF9145748D47615A /* /Users/shenyi/Project/UnityProject/xlua-lib/build_lj_ios/CMakeFiles/xlua.dir/Info.plist */ = {isa = PBXFileReference; explicitFileType = sourcecode.text.plist; fileEncoding = 4; name = Info.plist; path = build_lj_ios/CMakeFiles/xlua.dir/Info.plist; sourceTree = SOURCE_ROOT; };
		E5B52EC782284516BD9B010E /* /Users/shenyi/Project/UnityProject/xlua-lib/sproto/sproto.c */ = {isa = PBXFileReference; explicitFileType = sourcecode.c.c; fileEncoding = 4; name = sproto.c; path = sproto/sproto.c; sourceTree = SOURCE_ROOT; };
		EA921AF8254B4561AAF4C023 /* /Users/shenyi/Project/UnityProject/xlua-lib/luasocket/mime.c */ = {isa = PBXFileReference; explicitFileType = sourcecode.c.c; fileEncoding = 4; name = mime.c; path = luasocket/mime.c; sourceTree = SOURCE_ROOT; };
		EE0871D8F51845B8B82602F5 /* /Users/shenyi/Project/UnityProject/xlua-lib/luasocket/udp.c */ = {isa = PBXFileReference; explicitFileType = sourcecode.c.c; fileEncoding = 4; name = udp.c; path = luasocket/udp.c; sourceTree = SOURCE_ROOT; };
		F181B58543364E78BF23CB13 /* /Users/shenyi/Project/UnityProject/xlua-lib/luasocket/timeout.c */ = {isa = PBXFileReference; explicitFileType = sourcecode.c.c; fileEncoding = 4; name = timeout.c; path = luasocket/timeout.c; sourceTree = SOURCE_ROOT; };
/* End PBXFileReference section */

/* Begin PBXGroup section */
		14900E3CF2DF482D89AA3725 /* CMake Rules */ = {
			isa = PBXGroup;
			children = (
			);
			name = "CMake Rules";
			sourceTree = "<group>";
		};
		31B5E8C20A1D4A3CBEB31812 = {
			isa = PBXGroup;
			children = (
				6290216C74804F8CAB7AEDAD /* xlua */,
				B6592241B3AC4FD8BC02D9CB /* ALL_BUILD */,
				C58934553573471780E92F8D /* ZERO_CHECK */,
				5BC16D053A1646C2B1F448F5 /* Products */,
			);
			sourceTree = "<group>";
		};
		449C7627660C4F8AA2BA3F40 /* luasocket */ = {
			isa = PBXGroup;
			children = (
				5893583982C24F02961C180C /* /Users/shenyi/Project/UnityProject/xlua-lib/luasocket/auxiliar.c */,
				9585A6BAACA444EDBB2568F2 /* /Users/shenyi/Project/UnityProject/xlua-lib/luasocket/buffer.c */,
				D59AF02ECF9C43FDAAF2A1B4 /* /Users/shenyi/Project/UnityProject/xlua-lib/luasocket/except.c */,
				AFBBE9D37CC7492A8FE5BF57 /* /Users/shenyi/Project/UnityProject/xlua-lib/luasocket/inet.c */,
				058053CF4AF24EBCB559B3CC /* /Users/shenyi/Project/UnityProject/xlua-lib/luasocket/io.c */,
				1081E24BE6C0466093F22E1F /* /Users/shenyi/Project/UnityProject/xlua-lib/luasocket/luasocket.c */,
				EA921AF8254B4561AAF4C023 /* /Users/shenyi/Project/UnityProject/xlua-lib/luasocket/mime.c */,
				745A68A9A56840E5B4635782 /* /Users/shenyi/Project/UnityProject/xlua-lib/luasocket/options.c */,
				761620F772B54F32825E58FE /* /Users/shenyi/Project/UnityProject/xlua-lib/luasocket/select.c */,
				0A65BF5F4ED44AB780AFB415 /* /Users/shenyi/Project/UnityProject/xlua-lib/luasocket/tcp.c */,
				F181B58543364E78BF23CB13 /* /Users/shenyi/Project/UnityProject/xlua-lib/luasocket/timeout.c */,
				EE0871D8F51845B8B82602F5 /* /Users/shenyi/Project/UnityProject/xlua-lib/luasocket/udp.c */,
				BCD3A22F94C341349AF77E72 /* /Users/shenyi/Project/UnityProject/xlua-lib/luasocket/usocket.c */,
			);
			name = luasocket;
			sourceTree = "<group>";
		};
		5BC16D053A1646C2B1F448F5 /* Products */ = {
			isa = PBXGroup;
			children = (
				1F09A76E1F9A4825AF2E19A5 /* xlua */,
			);
			name = Products;
			sourceTree = "<group>";
		};
		6290216C74804F8CAB7AEDAD /* xlua */ = {
			isa = PBXGroup;
			children = (
				449C7627660C4F8AA2BA3F40 /* luasocket */,
				6B90F577C5BF4265B485B81C /* Source Files */,
				EB1ECBB3DD1F4CFAA467B010 /* Resources */,
				94BAFC3D73D54893A6F5BA47 /* /Users/shenyi/Project/UnityProject/xlua-lib/CMakeLists.txt */,
				AD1D484038514C798EC759DC /* /Users/shenyi/Project/UnityProject/xlua-lib/i64lib.c */,
				B5F76ABAD035484B903CA916 /* /Users/shenyi/Project/UnityProject/xlua-lib/perflib.c */,
				CD013FB2131446FDA3DD4AE9 /* /Users/shenyi/Project/UnityProject/xlua-lib/xlua.c */,
			);
			name = xlua;
			sourceTree = "<group>";
		};
		6B90F577C5BF4265B485B81C /* Source Files */ = {
			isa = PBXGroup;
			children = (
				4BCC2EC3F16A4B91B218F67C /* /Users/shenyi/Project/UnityProject/xlua-lib/lpeg/lpcap.c */,
				AAB0CA5EC31A47A198B49CB2 /* /Users/shenyi/Project/UnityProject/xlua-lib/lpeg/lpcode.c */,
				370F496A0D414D5B86BFB7FF /* /Users/shenyi/Project/UnityProject/xlua-lib/lpeg/lpprint.c */,
				D18E818415144BCDAF805635 /* /Users/shenyi/Project/UnityProject/xlua-lib/lpeg/lptree.c */,
				9C808DBEED304BBA9ACD22A4 /* /Users/shenyi/Project/UnityProject/xlua-lib/lpeg/lpvm.c */,
				7D331C150AFE4F21854155E1 /* /Users/shenyi/Project/UnityProject/xlua-lib/lua-rapidjson/source/rapidjson.cpp */,
				203ED3DE499146709FEFFF7F /* /Users/shenyi/Project/UnityProject/xlua-lib/sproto/lsproto.c */,
				E5B52EC782284516BD9B010E /* /Users/shenyi/Project/UnityProject/xlua-lib/sproto/sproto.c */,
			);
			name = "Source Files";
			sourceTree = "<group>";
		};
		A265C6308A97467EB0B5607F /* CMake Rules */ = {
			isa = PBXGroup;
			children = (
			);
			name = "CMake Rules";
			sourceTree = "<group>";
		};
		B6592241B3AC4FD8BC02D9CB /* ALL_BUILD */ = {
			isa = PBXGroup;
			children = (
				A265C6308A97467EB0B5607F /* CMake Rules */,
				891292CDF0114A8DBD7985EA /* /Users/shenyi/Project/UnityProject/xlua-lib/CMakeLists.txt */,
			);
			name = ALL_BUILD;
			sourceTree = "<group>";
		};
		C58934553573471780E92F8D /* ZERO_CHECK */ = {
			isa = PBXGroup;
			children = (
				14900E3CF2DF482D89AA3725 /* CMake Rules */,
				C19EAB330EE74208AAE5761D /* /Users/shenyi/Project/UnityProject/xlua-lib/CMakeLists.txt */,
			);
			name = ZERO_CHECK;
			sourceTree = "<group>";
		};
		EB1ECBB3DD1F4CFAA467B010 /* Resources */ = {
			isa = PBXGroup;
			children = (
				E4E71431EF9145748D47615A /* /Users/shenyi/Project/UnityProject/xlua-lib/build_lj_ios/CMakeFiles/xlua.dir/Info.plist */,
			);
			name = Resources;
			sourceTree = "<group>";
		};
/* End PBXGroup section */

/* Begin PBXNativeTarget section */
		B66911A8EDB345868A02F21D /* xlua */ = {
			isa = PBXNativeTarget;
			buildConfigurationList = 7643050BF61F40A78B683CD1 /* Build configuration list for PBXNativeTarget "xlua" */;
			buildPhases = (
				B91B16C533604BAAAD2450DA /* Sources */,
			);
			buildRules = (
			);
			dependencies = (
				ED7BC25FABF74DCFBAE0181B /* PBXTargetDependency */,
			);
			name = xlua;
			productName = xlua;
			productReference = 1F09A76E1F9A4825AF2E19A5 /* xlua */;
			productType = "com.apple.product-type.library.static";
		};
/* End PBXNativeTarget section */

/* Begin PBXProject section */
		A579D52CFFA74EADBE39EC32 /* Project object */ = {
			isa = PBXProject;
			attributes = {
				BuildIndependentTargetsInParallel = YES;
				LastUpgradeCheck = 0940;
			};
			buildConfigurationList = F796027F89A4419588786EF0 /* Build configuration list for PBXProject "XLua" */;
			buildSettings = {
			};
			buildStyles = (
				28A9C85BA1F74CBAAF0199D4 /* Debug */,
				51FA1E1D9D924305BFB5940E /* Release */,
				D4121BD1896C48B1BB939594 /* MinSizeRel */,
				B7932B3CF22E454090FCD209 /* RelWithDebInfo */,
			);
			compatibilityVersion = "Xcode 3.2";
			hasScannedForEncodings = 0;
			mainGroup = 31B5E8C20A1D4A3CBEB31812;
			projectDirPath = ../;
			projectRoot = "";
			targets = (
				58876C6F2BA74AC8984E0B0B /* ALL_BUILD */,
				37A2EAEB5B07406BBA8B3408 /* ZERO_CHECK */,
				B66911A8EDB345868A02F21D /* xlua */,
			);
		};
/* End PBXProject section */

/* Begin PBXShellScriptBuildPhase section */
		501AAAA84F914241B2D17374 = {
			isa = PBXShellScriptBuildPhase;
			buildActionMask = 2147483647;
			files = (
			);
			inputPaths = (
			);
			outputPaths = (
			);
			runOnlyForDeploymentPostprocessing = 0;
			shellPath = /bin/sh;
			shellScript = "# shell script goes here
exit 0";
			showEnvVarsInLog = 0;
		};
		87B9A14EE5F54572ACAE1B55 /* CMake Rules */ = {
			isa = PBXShellScriptBuildPhase;
			buildActionMask = 2147483647;
			files = (
			);
			name = "CMake Rules";
			runOnlyForDeploymentPostprocessing = 0;
			shellPath = /bin/sh;
			shellScript = "make -C /Users/shenyi/Project/UnityProject/xlua-lib/build_lj_ios -f /Users/shenyi/Project/UnityProject/xlua-lib/build_lj_ios/CMakeScripts/ALL_BUILD_cmakeRulesBuildPhase.make$CONFIGURATION all";
			showEnvVarsInLog = 0;
		};
		E0351DBF1CA54D3DA000099C /* CMake Rules */ = {
			isa = PBXShellScriptBuildPhase;
			buildActionMask = 2147483647;
			files = (
			);
			name = "CMake Rules";
			runOnlyForDeploymentPostprocessing = 0;
			shellPath = /bin/sh;
			shellScript = "make -C /Users/shenyi/Project/UnityProject/xlua-lib/build_lj_ios -f /Users/shenyi/Project/UnityProject/xlua-lib/build_lj_ios/CMakeScripts/ZERO_CHECK_cmakeRulesBuildPhase.make$CONFIGURATION all";
			showEnvVarsInLog = 0;
		};
		F9C3AF5B3F294D04B85D7D56 = {
			isa = PBXShellScriptBuildPhase;
			buildActionMask = 2147483647;
			files = (
			);
			inputPaths = (
			);
			outputPaths = (
			);
			runOnlyForDeploymentPostprocessing = 0;
			shellPath = /bin/sh;
			shellScript = "# shell script goes here
exit 0";
			showEnvVarsInLog = 0;
		};
/* End PBXShellScriptBuildPhase section */

/* Begin PBXSourcesBuildPhase section */
		B91B16C533604BAAAD2450DA /* Sources */ = {
			isa = PBXSourcesBuildPhase;
			buildActionMask = 2147483647;
			files = (
				3E5836D4154F4DF08CB83404 /* /Users/shenyi/Project/UnityProject/xlua-lib/i64lib.c */,
				EF59AD5B3A264A3C88F8C1B3 /* /Users/shenyi/Project/UnityProject/xlua-lib/lpeg/lpcap.c */,
				A63017742A9C455DB416AF99 /* /Users/shenyi/Project/UnityProject/xlua-lib/lpeg/lpcode.c */,
				802BD0F57E994A8E8B0CCD31 /* /Users/shenyi/Project/UnityProject/xlua-lib/lpeg/lpprint.c */,
				0B8B6A15FB4D4FBCAFF84099 /* /Users/shenyi/Project/UnityProject/xlua-lib/lpeg/lptree.c */,
				B96EE9949647480EA525983B /* /Users/shenyi/Project/UnityProject/xlua-lib/lpeg/lpvm.c */,
				76B3059A06FC4667926BB5CE /* /Users/shenyi/Project/UnityProject/xlua-lib/lua-rapidjson/source/rapidjson.cpp */,
				8417507D9A0249F89FD777F8 /* /Users/shenyi/Project/UnityProject/xlua-lib/luasocket/auxiliar.c */,
				87617010728E40699B5A7924 /* /Users/shenyi/Project/UnityProject/xlua-lib/luasocket/buffer.c */,
				511641B6AA8E452CB46EB8D3 /* /Users/shenyi/Project/UnityProject/xlua-lib/luasocket/except.c */,
				A032959445C148FAAAAE77ED /* /Users/shenyi/Project/UnityProject/xlua-lib/luasocket/inet.c */,
				2C04B32ADDFC4EEABDE486EE /* /Users/shenyi/Project/UnityProject/xlua-lib/luasocket/io.c */,
				B6FA0C0F8FA04E90A78DE562 /* /Users/shenyi/Project/UnityProject/xlua-lib/luasocket/luasocket.c */,
				ACBB1D98D4B4455E8C8EE72D /* /Users/shenyi/Project/UnityProject/xlua-lib/luasocket/mime.c */,
				B5A240574BB345CB974DA3F1 /* /Users/shenyi/Project/UnityProject/xlua-lib/luasocket/options.c */,
				A9AF08001CA74AC7AF731F66 /* /Users/shenyi/Project/UnityProject/xlua-lib/luasocket/select.c */,
				CEF9FE44B5D4401193E90C1A /* /Users/shenyi/Project/UnityProject/xlua-lib/luasocket/tcp.c */,
				D487DE6F006B49BF81AE5463 /* /Users/shenyi/Project/UnityProject/xlua-lib/luasocket/timeout.c */,
				BC7503F19D464335967DB7EC /* /Users/shenyi/Project/UnityProject/xlua-lib/luasocket/udp.c */,
				81D561486F8D49C89016216E /* /Users/shenyi/Project/UnityProject/xlua-lib/luasocket/usocket.c */,
				7C877EE3836743FAA28AE108 /* /Users/shenyi/Project/UnityProject/xlua-lib/perflib.c */,
				41CA84F6DB054DD2AF4CE9EE /* /Users/shenyi/Project/UnityProject/xlua-lib/sproto/lsproto.c */,
				6265AF26C127483993669BDB /* /Users/shenyi/Project/UnityProject/xlua-lib/sproto/sproto.c */,
				125CF34D17B545618F48B2C0 /* /Users/shenyi/Project/UnityProject/xlua-lib/xlua.c */,
			);
			runOnlyForDeploymentPostprocessing = 0;
		};
/* End PBXSourcesBuildPhase section */

/* Begin PBXTargetDependency section */
		4E86D7EA364542A5886A015A /* PBXTargetDependency */ = {
			isa = PBXTargetDependency;
			target = B66911A8EDB345868A02F21D /* xlua */;
			targetProxy = AA35ACF41C20401297CB531D /* PBXContainerItemProxy */;
		};
		96AB5A781C594ABE929B6BA8 /* PBXTargetDependency */ = {
			isa = PBXTargetDependency;
			target = 37A2EAEB5B07406BBA8B3408 /* ZERO_CHECK */;
			targetProxy = 5A8D72FACF074FA4BEC619FA /* PBXContainerItemProxy */;
		};
		ED7BC25FABF74DCFBAE0181B /* PBXTargetDependency */ = {
			isa = PBXTargetDependency;
			target = 37A2EAEB5B07406BBA8B3408 /* ZERO_CHECK */;
			targetProxy = 5015DC4164DA49A696C6EE40 /* PBXContainerItemProxy */;
		};
/* End PBXTargetDependency section */

/* Begin XCBuildConfiguration section */
		22107966146843AFAC5FEE0D /* Debug */ = {
			isa = XCBuildConfiguration;
			buildSettings = {
				COMBINE_HIDPI_IMAGES = YES;
				GCC_GENERATE_DEBUGGING_SYMBOLS = YES;
				GCC_INLINES_ARE_PRIVATE_EXTERN = NO;
				GCC_OPTIMIZATION_LEVEL = 0;
				GCC_PREPROCESSOR_DEFINITIONS = ("'CMAKE_INTDIR=\"$(CONFIGURATION)$(EFFECTIVE_PLATFORM_NAME)\"'");
				GCC_SYMBOLS_PRIVATE_EXTERN = NO;
				HEADER_SEARCH_PATHS = ("/Users/shenyi/Project/UnityProject/xlua-lib","/Users/shenyi/Project/UnityProject/xlua-lib/luajit-2.1.0b2/src","/Users/shenyi/Project/UnityProject/xlua-lib/build_lj_ios","/Users/shenyi/Project/UnityProject/xlua-lib/lua-rapidjson/include","/Users/shenyi/Project/UnityProject/xlua-lib/lpeg","/Users/shenyi/Project/UnityProject/xlua-lib/sproto");
				INSTALL_PATH = "";
				OTHER_LDFLAGS = " ";
				OTHER_REZFLAGS = "";
				PRODUCT_NAME = ZERO_CHECK;
				SECTORDER_FLAGS = "";
				SYMROOT = "/Users/shenyi/Project/UnityProject/xlua-lib/build_lj_ios";
				USE_HEADERMAP = NO;
				WARNING_CFLAGS = ("-Wmost","-Wno-four-char-constants","-Wno-unknown-pragmas","$(inherited)");
			};
			name = Debug;
		};
		3047A28978A444D3AABBB979 /* Release */ = {
			isa = XCBuildConfiguration;
			buildSettings = {
				COMBINE_HIDPI_IMAGES = YES;
				GCC_GENERATE_DEBUGGING_SYMBOLS = YES;
				GCC_INLINES_ARE_PRIVATE_EXTERN = NO;
				GCC_OPTIMIZATION_LEVEL = 0;
				GCC_PREPROCESSOR_DEFINITIONS = ("'CMAKE_INTDIR=\"$(CONFIGURATION)$(EFFECTIVE_PLATFORM_NAME)\"'");
				GCC_SYMBOLS_PRIVATE_EXTERN = NO;
				HEADER_SEARCH_PATHS = ("/Users/shenyi/Project/UnityProject/xlua-lib","/Users/shenyi/Project/UnityProject/xlua-lib/luajit-2.1.0b2/src","/Users/shenyi/Project/UnityProject/xlua-lib/build_lj_ios","/Users/shenyi/Project/UnityProject/xlua-lib/lua-rapidjson/include","/Users/shenyi/Project/UnityProject/xlua-lib/lpeg","/Users/shenyi/Project/UnityProject/xlua-lib/sproto");
				INSTALL_PATH = "";
				OTHER_LDFLAGS = " ";
				OTHER_REZFLAGS = "";
				PRODUCT_NAME = ALL_BUILD;
				SECTORDER_FLAGS = "";
				SYMROOT = "/Users/shenyi/Project/UnityProject/xlua-lib/build_lj_ios";
				USE_HEADERMAP = NO;
				WARNING_CFLAGS = ("-Wmost","-Wno-four-char-constants","-Wno-unknown-pragmas","$(inherited)");
			};
			name = Release;
		};
		553F8EEEF01248FEB2B44160 /* Debug */ = {
			isa = XCBuildConfiguration;
			buildSettings = {
				COMBINE_HIDPI_IMAGES = YES;
				GCC_GENERATE_DEBUGGING_SYMBOLS = YES;
				GCC_INLINES_ARE_PRIVATE_EXTERN = NO;
				GCC_OPTIMIZATION_LEVEL = 0;
				GCC_PREPROCESSOR_DEFINITIONS = ("'CMAKE_INTDIR=\"$(CONFIGURATION)$(EFFECTIVE_PLATFORM_NAME)\"'");
				GCC_SYMBOLS_PRIVATE_EXTERN = NO;
				HEADER_SEARCH_PATHS = ("/Users/shenyi/Project/UnityProject/xlua-lib","/Users/shenyi/Project/UnityProject/xlua-lib/luajit-2.1.0b2/src","/Users/shenyi/Project/UnityProject/xlua-lib/build_lj_ios","/Users/shenyi/Project/UnityProject/xlua-lib/lua-rapidjson/include","/Users/shenyi/Project/UnityProject/xlua-lib/lpeg","/Users/shenyi/Project/UnityProject/xlua-lib/sproto");
				INSTALL_PATH = "";
				OTHER_LDFLAGS = " ";
				OTHER_REZFLAGS = "";
				PRODUCT_NAME = ALL_BUILD;
				SECTORDER_FLAGS = "";
				SYMROOT = "/Users/shenyi/Project/UnityProject/xlua-lib/build_lj_ios";
				USE_HEADERMAP = NO;
				WARNING_CFLAGS = ("-Wmost","-Wno-four-char-constants","-Wno-unknown-pragmas","$(inherited)");
			};
			name = Debug;
		};
		6B267F137CD342A3A6271E8F /* RelWithDebInfo */ = {
			isa = XCBuildConfiguration;
			buildSettings = {
				ARCHS = "$(ARCHS_STANDARD)";
				CODE_SIGN_IDENTITY = "iPhone Developer";
				SDKROOT = /Applications/Xcode.app/Contents/Developer/Platforms/iPhoneOS.platform/Developer/SDKs/iPhoneOS11.4.sdk;
				SYMROOT = "/Users/shenyi/Project/UnityProject/xlua-lib/build_lj_ios/build";
				TARGETED_DEVICE_FAMILY = "1,2";
			};
			name = RelWithDebInfo;
		};
		6F45A37A64114BA1AA8EDC20 /* Release */ = {
			isa = XCBuildConfiguration;
			buildSettings = {
				ARCHS = "$(ARCHS_STANDARD)";
				CODE_SIGN_IDENTITY = "iPhone Developer";
				SDKROOT = /Applications/Xcode.app/Contents/Developer/Platforms/iPhoneOS.platform/Developer/SDKs/iPhoneOS11.4.sdk;
				SYMROOT = "/Users/shenyi/Project/UnityProject/xlua-lib/build_lj_ios/build";
				TARGETED_DEVICE_FAMILY = "1,2";
			};
			name = Release;
		};
		73A96F96B23A4C41944C4180 /* Debug */ = {
			isa = XCBuildConfiguration;
			buildSettings = {
				ARCHS = "$(ARCHS_STANDARD)";
				CODE_SIGN_IDENTITY = "iPhone Developer";
				SDKROOT = /Applications/Xcode.app/Contents/Developer/Platforms/iPhoneOS.platform/Developer/SDKs/iPhoneOS11.4.sdk;
				SYMROOT = "/Users/shenyi/Project/UnityProject/xlua-lib/build_lj_ios/build";
				TARGETED_DEVICE_FAMILY = "1,2";
			};
			name = Debug;
		};
		A2D9BE4C8DD048ED9C3C4E16 /* MinSizeRel */ = {
			isa = XCBuildConfiguration;
			buildSettings = {
				COMBINE_HIDPI_IMAGES = YES;
				GCC_GENERATE_DEBUGGING_SYMBOLS = YES;
				GCC_INLINES_ARE_PRIVATE_EXTERN = NO;
				GCC_OPTIMIZATION_LEVEL = 0;
				GCC_PREPROCESSOR_DEFINITIONS = ("'CMAKE_INTDIR=\"$(CONFIGURATION)$(EFFECTIVE_PLATFORM_NAME)\"'");
				GCC_SYMBOLS_PRIVATE_EXTERN = NO;
				HEADER_SEARCH_PATHS = ("/Users/shenyi/Project/UnityProject/xlua-lib","/Users/shenyi/Project/UnityProject/xlua-lib/luajit-2.1.0b2/src","/Users/shenyi/Project/UnityProject/xlua-lib/build_lj_ios","/Users/shenyi/Project/UnityProject/xlua-lib/lua-rapidjson/include","/Users/shenyi/Project/UnityProject/xlua-lib/lpeg","/Users/shenyi/Project/UnityProject/xlua-lib/sproto");
				INSTALL_PATH = "";
				OTHER_LDFLAGS = " ";
				OTHER_REZFLAGS = "";
				PRODUCT_NAME = ZERO_CHECK;
				SECTORDER_FLAGS = "";
				SYMROOT = "/Users/shenyi/Project/UnityProject/xlua-lib/build_lj_ios";
				USE_HEADERMAP = NO;
				WARNING_CFLAGS = ("-Wmost","-Wno-four-char-constants","-Wno-unknown-pragmas","$(inherited)");
			};
			name = MinSizeRel;
		};
		A5F7C2D67E4A48A8ACF7599C /* Debug */ = {
			isa = XCBuildConfiguration;
			buildSettings = {
				ARCHS = "$(ARCHS_STANDARD)";
				COMBINE_HIDPI_IMAGES = YES;
				EXECUTABLE_PREFIX = lib;
				EXECUTABLE_SUFFIX = .a;
				GCC_GENERATE_DEBUGGING_SYMBOLS = YES;
				GCC_INLINES_ARE_PRIVATE_EXTERN = NO;
				GCC_OPTIMIZATION_LEVEL = 0;
				GCC_PREPROCESSOR_DEFINITIONS = ("'CMAKE_INTDIR=\"$(CONFIGURATION)$(EFFECTIVE_PLATFORM_NAME)\"'");
				GCC_SYMBOLS_PRIVATE_EXTERN = NO;
				HEADER_SEARCH_PATHS = ("/Users/shenyi/Project/UnityProject/xlua-lib","/Users/shenyi/Project/UnityProject/xlua-lib/luajit-2.1.0b2/src","/Users/shenyi/Project/UnityProject/xlua-lib/build_lj_ios","/Users/shenyi/Project/UnityProject/xlua-lib/lua-rapidjson/include","/Users/shenyi/Project/UnityProject/xlua-lib/lpeg","/Users/shenyi/Project/UnityProject/xlua-lib/sproto");
				INSTALL_PATH = "";
				IPHONEOS_DEPLOYMENT_TARGET = 7.0;
				LIBRARY_STYLE = STATIC;
				ONLY_ACTIVE_ARCH = NO;
				OTHER_CFLAGS = " -fembed-bitcode     ";
				OTHER_CPLUSPLUSFLAGS = "-fvisibility=hidden -fvisibility-inlines-hidden -isysroot /Applications/Xcode.app/Contents/Developer/Platforms/iPhoneOS.platform/Developer/SDKs/iPhoneOS11.4.sdk -fembed-bitcode     ";
				OTHER_LIBTOOLFLAGS = " ";
				OTHER_REZFLAGS = "";
				PRODUCT_NAME = xlua;
				SECTORDER_FLAGS = "";
				SYMROOT = "/Users/shenyi/Project/UnityProject/xlua-lib/build_lj_ios";
				USE_HEADERMAP = NO;
				WARNING_CFLAGS = ("-Wmost","-Wno-four-char-constants","-Wno-unknown-pragmas","$(inherited)");
			};
			name = Debug;
		};
		AD1ABCCD2B9448F4BEE316CE /* MinSizeRel */ = {
			isa = XCBuildConfiguration;
			buildSettings = {
				COMBINE_HIDPI_IMAGES = YES;
				GCC_GENERATE_DEBUGGING_SYMBOLS = YES;
				GCC_INLINES_ARE_PRIVATE_EXTERN = NO;
				GCC_OPTIMIZATION_LEVEL = 0;
				GCC_PREPROCESSOR_DEFINITIONS = ("'CMAKE_INTDIR=\"$(CONFIGURATION)$(EFFECTIVE_PLATFORM_NAME)\"'");
				GCC_SYMBOLS_PRIVATE_EXTERN = NO;
				HEADER_SEARCH_PATHS = ("/Users/shenyi/Project/UnityProject/xlua-lib","/Users/shenyi/Project/UnityProject/xlua-lib/luajit-2.1.0b2/src","/Users/shenyi/Project/UnityProject/xlua-lib/build_lj_ios","/Users/shenyi/Project/UnityProject/xlua-lib/lua-rapidjson/include","/Users/shenyi/Project/UnityProject/xlua-lib/lpeg","/Users/shenyi/Project/UnityProject/xlua-lib/sproto");
				INSTALL_PATH = "";
				OTHER_LDFLAGS = " ";
				OTHER_REZFLAGS = "";
				PRODUCT_NAME = ALL_BUILD;
				SECTORDER_FLAGS = "";
				SYMROOT = "/Users/shenyi/Project/UnityProject/xlua-lib/build_lj_ios";
				USE_HEADERMAP = NO;
				WARNING_CFLAGS = ("-Wmost","-Wno-four-char-constants","-Wno-unknown-pragmas","$(inherited)");
			};
			name = MinSizeRel;
		};
		BBCB10EEA82544F996E047E0 /* RelWithDebInfo */ = {
			isa = XCBuildConfiguration;
			buildSettings = {
				ARCHS = "$(ARCHS_STANDARD)";
				COMBINE_HIDPI_IMAGES = YES;
				EXECUTABLE_PREFIX = lib;
				EXECUTABLE_SUFFIX = .a;
				GCC_GENERATE_DEBUGGING_SYMBOLS = YES;
				GCC_INLINES_ARE_PRIVATE_EXTERN = NO;
				GCC_OPTIMIZATION_LEVEL = 2;
				GCC_PREPROCESSOR_DEFINITIONS = ("'CMAKE_INTDIR=\"$(CONFIGURATION)$(EFFECTIVE_PLATFORM_NAME)\"'");
				GCC_SYMBOLS_PRIVATE_EXTERN = NO;
				HEADER_SEARCH_PATHS = ("/Users/shenyi/Project/UnityProject/xlua-lib","/Users/shenyi/Project/UnityProject/xlua-lib/luajit-2.1.0b2/src","/Users/shenyi/Project/UnityProject/xlua-lib/build_lj_ios","/Users/shenyi/Project/UnityProject/xlua-lib/lua-rapidjson/include","/Users/shenyi/Project/UnityProject/xlua-lib/lpeg","/Users/shenyi/Project/UnityProject/xlua-lib/sproto");
				INSTALL_PATH = "";
				IPHONEOS_DEPLOYMENT_TARGET = 7.0;
				LIBRARY_STYLE = STATIC;
				ONLY_ACTIVE_ARCH = NO;
				OTHER_CFLAGS = " -fembed-bitcode        -DNDEBUG  ";
				OTHER_CPLUSPLUSFLAGS = "-fvisibility=hidden -fvisibility-inlines-hidden -isysroot /Applications/Xcode.app/Contents/Developer/Platforms/iPhoneOS.platform/Developer/SDKs/iPhoneOS11.4.sdk -fembed-bitcode        -DNDEBUG  ";
				OTHER_LIBTOOLFLAGS = " ";
				OTHER_REZFLAGS = "";
				PRODUCT_NAME = xlua;
				SECTORDER_FLAGS = "";
				SYMROOT = "/Users/shenyi/Project/UnityProject/xlua-lib/build_lj_ios";
				USE_HEADERMAP = NO;
				WARNING_CFLAGS = ("-Wmost","-Wno-four-char-constants","-Wno-unknown-pragmas","$(inherited)");
			};
			name = RelWithDebInfo;
		};
		C8F19BF77B054F4CA4E4F33A /* RelWithDebInfo */ = {
			isa = XCBuildConfiguration;
			buildSettings = {
				COMBINE_HIDPI_IMAGES = YES;
				GCC_GENERATE_DEBUGGING_SYMBOLS = YES;
				GCC_INLINES_ARE_PRIVATE_EXTERN = NO;
				GCC_OPTIMIZATION_LEVEL = 0;
				GCC_PREPROCESSOR_DEFINITIONS = ("'CMAKE_INTDIR=\"$(CONFIGURATION)$(EFFECTIVE_PLATFORM_NAME)\"'");
				GCC_SYMBOLS_PRIVATE_EXTERN = NO;
				HEADER_SEARCH_PATHS = ("/Users/shenyi/Project/UnityProject/xlua-lib","/Users/shenyi/Project/UnityProject/xlua-lib/luajit-2.1.0b2/src","/Users/shenyi/Project/UnityProject/xlua-lib/build_lj_ios","/Users/shenyi/Project/UnityProject/xlua-lib/lua-rapidjson/include","/Users/shenyi/Project/UnityProject/xlua-lib/lpeg","/Users/shenyi/Project/UnityProject/xlua-lib/sproto");
				INSTALL_PATH = "";
				OTHER_LDFLAGS = " ";
				OTHER_REZFLAGS = "";
				PRODUCT_NAME = ZERO_CHECK;
				SECTORDER_FLAGS = "";
				SYMROOT = "/Users/shenyi/Project/UnityProject/xlua-lib/build_lj_ios";
				USE_HEADERMAP = NO;
				WARNING_CFLAGS = ("-Wmost","-Wno-four-char-constants","-Wno-unknown-pragmas","$(inherited)");
			};
			name = RelWithDebInfo;
		};
		CFC311138BCC4E658DE323B8 /* MinSizeRel */ = {
			isa = XCBuildConfiguration;
			buildSettings = {
				ARCHS = "$(ARCHS_STANDARD)";
				COMBINE_HIDPI_IMAGES = YES;
				EXECUTABLE_PREFIX = lib;
				EXECUTABLE_SUFFIX = .a;
				GCC_GENERATE_DEBUGGING_SYMBOLS = NO;
				GCC_INLINES_ARE_PRIVATE_EXTERN = NO;
				GCC_OPTIMIZATION_LEVEL = s;
				GCC_PREPROCESSOR_DEFINITIONS = ("'CMAKE_INTDIR=\"$(CONFIGURATION)$(EFFECTIVE_PLATFORM_NAME)\"'");
				GCC_SYMBOLS_PRIVATE_EXTERN = NO;
				HEADER_SEARCH_PATHS = ("/Users/shenyi/Project/UnityProject/xlua-lib","/Users/shenyi/Project/UnityProject/xlua-lib/luajit-2.1.0b2/src","/Users/shenyi/Project/UnityProject/xlua-lib/build_lj_ios","/Users/shenyi/Project/UnityProject/xlua-lib/lua-rapidjson/include","/Users/shenyi/Project/UnityProject/xlua-lib/lpeg","/Users/shenyi/Project/UnityProject/xlua-lib/sproto");
				INSTALL_PATH = "";
				IPHONEOS_DEPLOYMENT_TARGET = 7.0;
				LIBRARY_STYLE = STATIC;
				ONLY_ACTIVE_ARCH = NO;
				OTHER_CFLAGS = " -fembed-bitcode     -DNDEBUG  ";
				OTHER_CPLUSPLUSFLAGS = "-fvisibility=hidden -fvisibility-inlines-hidden -isysroot /Applications/Xcode.app/Contents/Developer/Platforms/iPhoneOS.platform/Developer/SDKs/iPhoneOS11.4.sdk -fembed-bitcode     -DNDEBUG  ";
				OTHER_LIBTOOLFLAGS = " ";
				OTHER_REZFLAGS = "";
				PRODUCT_NAME = xlua;
				SECTORDER_FLAGS = "";
				SYMROOT = "/Users/shenyi/Project/UnityProject/xlua-lib/build_lj_ios";
				USE_HEADERMAP = NO;
				WARNING_CFLAGS = ("-Wmost","-Wno-four-char-constants","-Wno-unknown-pragmas","$(inherited)");
			};
			name = MinSizeRel;
		};
		E3110AD4635A4D6AB7ECDD29 /* RelWithDebInfo */ = {
			isa = XCBuildConfiguration;
			buildSettings = {
				COMBINE_HIDPI_IMAGES = YES;
				GCC_GENERATE_DEBUGGING_SYMBOLS = YES;
				GCC_INLINES_ARE_PRIVATE_EXTERN = NO;
				GCC_OPTIMIZATION_LEVEL = 0;
				GCC_PREPROCESSOR_DEFINITIONS = ("'CMAKE_INTDIR=\"$(CONFIGURATION)$(EFFECTIVE_PLATFORM_NAME)\"'");
				GCC_SYMBOLS_PRIVATE_EXTERN = NO;
				HEADER_SEARCH_PATHS = ("/Users/shenyi/Project/UnityProject/xlua-lib","/Users/shenyi/Project/UnityProject/xlua-lib/luajit-2.1.0b2/src","/Users/shenyi/Project/UnityProject/xlua-lib/build_lj_ios","/Users/shenyi/Project/UnityProject/xlua-lib/lua-rapidjson/include","/Users/shenyi/Project/UnityProject/xlua-lib/lpeg","/Users/shenyi/Project/UnityProject/xlua-lib/sproto");
				INSTALL_PATH = "";
				OTHER_LDFLAGS = " ";
				OTHER_REZFLAGS = "";
				PRODUCT_NAME = ALL_BUILD;
				SECTORDER_FLAGS = "";
				SYMROOT = "/Users/shenyi/Project/UnityProject/xlua-lib/build_lj_ios";
				USE_HEADERMAP = NO;
				WARNING_CFLAGS = ("-Wmost","-Wno-four-char-constants","-Wno-unknown-pragmas","$(inherited)");
			};
			name = RelWithDebInfo;
		};
		EA9FFDA33CA340F28771AD37 /* MinSizeRel */ = {
			isa = XCBuildConfiguration;
			buildSettings = {
				ARCHS = "$(ARCHS_STANDARD)";
				CODE_SIGN_IDENTITY = "iPhone Developer";
				SDKROOT = /Applications/Xcode.app/Contents/Developer/Platforms/iPhoneOS.platform/Developer/SDKs/iPhoneOS11.4.sdk;
				SYMROOT = "/Users/shenyi/Project/UnityProject/xlua-lib/build_lj_ios/build";
				TARGETED_DEVICE_FAMILY = "1,2";
			};
			name = MinSizeRel;
		};
		EFABF26E7F514F618B55B818 /* Release */ = {
			isa = XCBuildConfiguration;
			buildSettings = {
				ARCHS = "$(ARCHS_STANDARD)";
				COMBINE_HIDPI_IMAGES = YES;
				EXECUTABLE_PREFIX = lib;
				EXECUTABLE_SUFFIX = .a;
				GCC_GENERATE_DEBUGGING_SYMBOLS = NO;
				GCC_INLINES_ARE_PRIVATE_EXTERN = NO;
				GCC_OPTIMIZATION_LEVEL = 3;
				GCC_PREPROCESSOR_DEFINITIONS = ("'CMAKE_INTDIR=\"$(CONFIGURATION)$(EFFECTIVE_PLATFORM_NAME)\"'");
				GCC_SYMBOLS_PRIVATE_EXTERN = NO;
				HEADER_SEARCH_PATHS = ("/Users/shenyi/Project/UnityProject/xlua-lib","/Users/shenyi/Project/UnityProject/xlua-lib/luajit-2.1.0b2/src","/Users/shenyi/Project/UnityProject/xlua-lib/build_lj_ios","/Users/shenyi/Project/UnityProject/xlua-lib/lua-rapidjson/include","/Users/shenyi/Project/UnityProject/xlua-lib/lpeg","/Users/shenyi/Project/UnityProject/xlua-lib/sproto");
				INSTALL_PATH = "";
				IPHONEOS_DEPLOYMENT_TARGET = 7.0;
				LIBRARY_STYLE = STATIC;
				ONLY_ACTIVE_ARCH = NO;
				OTHER_CFLAGS = " -fembed-bitcode     -DNDEBUG  ";
				OTHER_CPLUSPLUSFLAGS = "-fvisibility=hidden -fvisibility-inlines-hidden -isysroot /Applications/Xcode.app/Contents/Developer/Platforms/iPhoneOS.platform/Developer/SDKs/iPhoneOS11.4.sdk -fembed-bitcode     -DNDEBUG  ";
				OTHER_LIBTOOLFLAGS = " ";
				OTHER_REZFLAGS = "";
				PRODUCT_NAME = xlua;
				SECTORDER_FLAGS = "";
				SYMROOT = "/Users/shenyi/Project/UnityProject/xlua-lib/build_lj_ios";
				USE_HEADERMAP = NO;
				WARNING_CFLAGS = ("-Wmost","-Wno-four-char-constants","-Wno-unknown-pragmas","$(inherited)");
			};
			name = Release;
		};
		FF9B21B4816140D986B1174E /* Release */ = {
			isa = XCBuildConfiguration;
			buildSettings = {
				COMBINE_HIDPI_IMAGES = YES;
				GCC_GENERATE_DEBUGGING_SYMBOLS = YES;
				GCC_INLINES_ARE_PRIVATE_EXTERN = NO;
				GCC_OPTIMIZATION_LEVEL = 0;
				GCC_PREPROCESSOR_DEFINITIONS = ("'CMAKE_INTDIR=\"$(CONFIGURATION)$(EFFECTIVE_PLATFORM_NAME)\"'");
				GCC_SYMBOLS_PRIVATE_EXTERN = NO;
				HEADER_SEARCH_PATHS = ("/Users/shenyi/Project/UnityProject/xlua-lib","/Users/shenyi/Project/UnityProject/xlua-lib/luajit-2.1.0b2/src","/Users/shenyi/Project/UnityProject/xlua-lib/build_lj_ios","/Users/shenyi/Project/UnityProject/xlua-lib/lua-rapidjson/include","/Users/shenyi/Project/UnityProject/xlua-lib/lpeg","/Users/shenyi/Project/UnityProject/xlua-lib/sproto");
				INSTALL_PATH = "";
				OTHER_LDFLAGS = " ";
				OTHER_REZFLAGS = "";
				PRODUCT_NAME = ZERO_CHECK;
				SECTORDER_FLAGS = "";
				SYMROOT = "/Users/shenyi/Project/UnityProject/xlua-lib/build_lj_ios";
				USE_HEADERMAP = NO;
				WARNING_CFLAGS = ("-Wmost","-Wno-four-char-constants","-Wno-unknown-pragmas","$(inherited)");
			};
			name = Release;
		};
/* End XCBuildConfiguration section */

/* Begin XCConfigurationList section */
		3434A5E61DFA4547816EF824 /* Build configuration list for PBXAggregateTarget "ALL_BUILD" */ = {
			isa = XCConfigurationList;
			buildConfigurations = (
				553F8EEEF01248FEB2B44160 /* Debug */,
				3047A28978A444D3AABBB979 /* Release */,
				AD1ABCCD2B9448F4BEE316CE /* MinSizeRel */,
				E3110AD4635A4D6AB7ECDD29 /* RelWithDebInfo */,
			);
			defaultConfigurationIsVisible = 0;
			defaultConfigurationName = Debug;
		};
		7643050BF61F40A78B683CD1 /* Build configuration list for PBXNativeTarget "xlua" */ = {
			isa = XCConfigurationList;
			buildConfigurations = (
				A5F7C2D67E4A48A8ACF7599C /* Debug */,
				EFABF26E7F514F618B55B818 /* Release */,
				CFC311138BCC4E658DE323B8 /* MinSizeRel */,
				BBCB10EEA82544F996E047E0 /* RelWithDebInfo */,
			);
			defaultConfigurationIsVisible = 0;
			defaultConfigurationName = Debug;
		};
		8E56EC698F504D8E8534B61E /* Build configuration list for PBXAggregateTarget "ZERO_CHECK" */ = {
			isa = XCConfigurationList;
			buildConfigurations = (
				22107966146843AFAC5FEE0D /* Debug */,
				FF9B21B4816140D986B1174E /* Release */,
				A2D9BE4C8DD048ED9C3C4E16 /* MinSizeRel */,
				C8F19BF77B054F4CA4E4F33A /* RelWithDebInfo */,
			);
			defaultConfigurationIsVisible = 0;
			defaultConfigurationName = Debug;
		};
		F796027F89A4419588786EF0 /* Build configuration list for PBXProject "XLua" */ = {
			isa = XCConfigurationList;
			buildConfigurations = (
				73A96F96B23A4C41944C4180 /* Debug */,
				6F45A37A64114BA1AA8EDC20 /* Release */,
				EA9FFDA33CA340F28771AD37 /* MinSizeRel */,
				6B267F137CD342A3A6271E8F /* RelWithDebInfo */,
			);
			defaultConfigurationIsVisible = 0;
			defaultConfigurationName = Debug;
		};
/* End XCConfigurationList section */
	};
	rootObject = A579D52CFFA74EADBE39EC32 /* Project object */;
}
